// !$*UTF8*$!
{
	archiveVersion = 1;
	classes = {
	};
	objectVersion = 56;
	objects = {

/* Begin PBXBuildFile section */
		7A3C092A29360CDE00D0AF2F /* AppDelegate.swift in Sources */ = {isa = PBXBuildFile; fileRef = 7A3C092929360CDE00D0AF2F /* AppDelegate.swift */; };
		7A3C092C29360CDE00D0AF2F /* GameScene.sks in Resources */ = {isa = PBXBuildFile; fileRef = 7A3C092B29360CDE00D0AF2F /* GameScene.sks */; };
		7A3C093029360CDE00D0AF2F /* GameScene.swift in Sources */ = {isa = PBXBuildFile; fileRef = 7A3C092F29360CDE00D0AF2F /* GameScene.swift */; };
		7A3C093229360CDE00D0AF2F /* GameViewController.swift in Sources */ = {isa = PBXBuildFile; fileRef = 7A3C093129360CDE00D0AF2F /* GameViewController.swift */; };
		7A3C093529360CDE00D0AF2F /* Main.storyboard in Resources */ = {isa = PBXBuildFile; fileRef = 7A3C093329360CDE00D0AF2F /* Main.storyboard */; };
		7A3C093729360CDF00D0AF2F /* Assets.xcassets in Resources */ = {isa = PBXBuildFile; fileRef = 7A3C093629360CDF00D0AF2F /* Assets.xcassets */; };
		7A3C093A29360CDF00D0AF2F /* LaunchScreen.storyboard in Resources */ = {isa = PBXBuildFile; fileRef = 7A3C093829360CDF00D0AF2F /* LaunchScreen.storyboard */; };
		7A3C094B29360D9C00D0AF2F /* sliceFuse.sks in Resources */ = {isa = PBXBuildFile; fileRef = 7A3C094829360D9C00D0AF2F /* sliceFuse.sks */; };
		7A3C094C29360D9C00D0AF2F /* sliceHitEnemy.sks in Resources */ = {isa = PBXBuildFile; fileRef = 7A3C094929360D9C00D0AF2F /* sliceHitEnemy.sks */; };
		7A3C094D29360D9C00D0AF2F /* sliceHitBomb.sks in Resources */ = {isa = PBXBuildFile; fileRef = 7A3C094A29360D9C00D0AF2F /* sliceHitBomb.sks */; };
		7A3C0956293615AC00D0AF2F /* explosion.caf in Resources */ = {isa = PBXBuildFile; fileRef = 7A3C094E293615AC00D0AF2F /* explosion.caf */; };
		7A3C0957293615AC00D0AF2F /* wrong.caf in Resources */ = {isa = PBXBuildFile; fileRef = 7A3C094F293615AC00D0AF2F /* wrong.caf */; };
		7A3C0958293615AC00D0AF2F /* swoosh2.caf in Resources */ = {isa = PBXBuildFile; fileRef = 7A3C0950293615AC00D0AF2F /* swoosh2.caf */; };
		7A3C0959293615AC00D0AF2F /* swoosh3.caf in Resources */ = {isa = PBXBuildFile; fileRef = 7A3C0951293615AC00D0AF2F /* swoosh3.caf */; };
		7A3C095A293615AC00D0AF2F /* sliceBombFuse.caf in Resources */ = {isa = PBXBuildFile; fileRef = 7A3C0952293615AC00D0AF2F /* sliceBombFuse.caf */; };
		7A3C095B293615AC00D0AF2F /* whack.caf in Resources */ = {isa = PBXBuildFile; fileRef = 7A3C0953293615AC00D0AF2F /* whack.caf */; };
		7A3C095C293615AC00D0AF2F /* swoosh1.caf in Resources */ = {isa = PBXBuildFile; fileRef = 7A3C0954293615AC00D0AF2F /* swoosh1.caf */; };
		7A3C095D293615AC00D0AF2F /* launch.caf in Resources */ = {isa = PBXBuildFile; fileRef = 7A3C0955293615AC00D0AF2F /* launch.caf */; };
/* End PBXBuildFile section */

/* Begin PBXFileReference section */
		7A3C092629360CDE00D0AF2F /* Project23.app */ = {isa = PBXFileReference; explicitFileType = wrapper.application; includeInIndex = 0; path = Project23.app; sourceTree = BUILT_PRODUCTS_DIR; };
		7A3C092929360CDE00D0AF2F /* AppDelegate.swift */ = {isa = PBXFileReference; lastKnownFileType = sourcecode.swift; path = AppDelegate.swift; sourceTree = "<group>"; };
		7A3C092B29360CDE00D0AF2F /* GameScene.sks */ = {isa = PBXFileReference; lastKnownFileType = file.sks; path = GameScene.sks; sourceTree = "<group>"; };
		7A3C092F29360CDE00D0AF2F /* GameScene.swift */ = {isa = PBXFileReference; lastKnownFileType = sourcecode.swift; path = GameScene.swift; sourceTree = "<group>"; };
		7A3C093129360CDE00D0AF2F /* GameViewController.swift */ = {isa = PBXFileReference; lastKnownFileType = sourcecode.swift; path = GameViewController.swift; sourceTree = "<group>"; };
		7A3C093429360CDE00D0AF2F /* Base */ = {isa = PBXFileReference; lastKnownFileType = file.storyboard; name = Base; path = Base.lproj/Main.storyboard; sourceTree = "<group>"; };
		7A3C093629360CDF00D0AF2F /* Assets.xcassets */ = {isa = PBXFileReference; lastKnownFileType = folder.assetcatalog; path = Assets.xcassets; sourceTree = "<group>"; };
		7A3C093929360CDF00D0AF2F /* Base */ = {isa = PBXFileReference; lastKnownFileType = file.storyboard; name = Base; path = Base.lproj/LaunchScreen.storyboard; sourceTree = "<group>"; };
		7A3C094829360D9C00D0AF2F /* sliceFuse.sks */ = {isa = PBXFileReference; lastKnownFileType = file.sks; path = sliceFuse.sks; sourceTree = "<group>"; };
		7A3C094929360D9C00D0AF2F /* sliceHitEnemy.sks */ = {isa = PBXFileReference; lastKnownFileType = file.sks; path = sliceHitEnemy.sks; sourceTree = "<group>"; };
		7A3C094A29360D9C00D0AF2F /* sliceHitBomb.sks */ = {isa = PBXFileReference; lastKnownFileType = file.sks; path = sliceHitBomb.sks; sourceTree = "<group>"; };
		7A3C094E293615AC00D0AF2F /* explosion.caf */ = {isa = PBXFileReference; lastKnownFileType = file; path = explosion.caf; sourceTree = "<group>"; };
		7A3C094F293615AC00D0AF2F /* wrong.caf */ = {isa = PBXFileReference; lastKnownFileType = file; path = wrong.caf; sourceTree = "<group>"; };
		7A3C0950293615AC00D0AF2F /* swoosh2.caf */ = {isa = PBXFileReference; lastKnownFileType = file; path = swoosh2.caf; sourceTree = "<group>"; };
		7A3C0951293615AC00D0AF2F /* swoosh3.caf */ = {isa = PBXFileReference; lastKnownFileType = file; path = swoosh3.caf; sourceTree = "<group>"; };
		7A3C0952293615AC00D0AF2F /* sliceBombFuse.caf */ = {isa = PBXFileReference; lastKnownFileType = file; path = sliceBombFuse.caf; sourceTree = "<group>"; };
		7A3C0953293615AC00D0AF2F /* whack.caf */ = {isa = PBXFileReference; lastKnownFileType = file; path = whack.caf; sourceTree = "<group>"; };
		7A3C0954293615AC00D0AF2F /* swoosh1.caf */ = {isa = PBXFileReference; lastKnownFileType = file; path = swoosh1.caf; sourceTree = "<group>"; };
		7A3C0955293615AC00D0AF2F /* launch.caf */ = {isa = PBXFileReference; lastKnownFileType = file; path = launch.caf; sourceTree = "<group>"; };
/* End PBXFileReference section */

/* Begin PBXFrameworksBuildPhase section */
		7A3C092329360CDE00D0AF2F /* Frameworks */ = {
			isa = PBXFrameworksBuildPhase;
			buildActionMask = 2147483647;
			files = (
			);
			runOnlyForDeploymentPostprocessing = 0;
		};
/* End PBXFrameworksBuildPhase section */

/* Begin PBXGroup section */
		7A3C091D29360CDE00D0AF2F = {
			isa = PBXGroup;
			children = (
				7A3C092829360CDE00D0AF2F /* Project23 */,
				7A3C092729360CDE00D0AF2F /* Products */,
			);
			sourceTree = "<group>";
		};
		7A3C092729360CDE00D0AF2F /* Products */ = {
			isa = PBXGroup;
			children = (
				7A3C092629360CDE00D0AF2F /* Project23.app */,
			);
			name = Products;
			sourceTree = "<group>";
		};
		7A3C092829360CDE00D0AF2F /* Project23 */ = {
			isa = PBXGroup;
			children = (
				7A3C092929360CDE00D0AF2F /* AppDelegate.swift */,
				7A3C092B29360CDE00D0AF2F /* GameScene.sks */,
				7A3C092F29360CDE00D0AF2F /* GameScene.swift */,
				7A3C093129360CDE00D0AF2F /* GameViewController.swift */,
				7A3C093329360CDE00D0AF2F /* Main.storyboard */,
				7A3C093629360CDF00D0AF2F /* Assets.xcassets */,
				7A3C093829360CDF00D0AF2F /* LaunchScreen.storyboard */,
				7A3C094829360D9C00D0AF2F /* sliceFuse.sks */,
				7A3C094A29360D9C00D0AF2F /* sliceHitBomb.sks */,
				7A3C094929360D9C00D0AF2F /* sliceHitEnemy.sks */,
				7A3C094E293615AC00D0AF2F /* explosion.caf */,
				7A3C0955293615AC00D0AF2F /* launch.caf */,
				7A3C0952293615AC00D0AF2F /* sliceBombFuse.caf */,
				7A3C0954293615AC00D0AF2F /* swoosh1.caf */,
				7A3C0950293615AC00D0AF2F /* swoosh2.caf */,
				7A3C0951293615AC00D0AF2F /* swoosh3.caf */,
				7A3C0953293615AC00D0AF2F /* whack.caf */,
				7A3C094F293615AC00D0AF2F /* wrong.caf */,
			);
			path = Project23;
			sourceTree = "<group>";
		};
/* End PBXGroup section */

/* Begin PBXNativeTarget section */
		7A3C092529360CDE00D0AF2F /* Project23 */ = {
			isa = PBXNativeTarget;
			buildConfigurationList = 7A3C093D29360CDF00D0AF2F /* Build configuration list for PBXNativeTarget "Project23" */;
			buildPhases = (
				7A3C092229360CDE00D0AF2F /* Sources */,
				7A3C092329360CDE00D0AF2F /* Frameworks */,
				7A3C092429360CDE00D0AF2F /* Resources */,
			);
			buildRules = (
			);
			dependencies = (
			);
			name = Project23;
			productName = Project23;
			productReference = 7A3C092629360CDE00D0AF2F /* Project23.app */;
			productType = "com.apple.product-type.application";
		};
/* End PBXNativeTarget section */

/* Begin PBXProject section */
		7A3C091E29360CDE00D0AF2F /* Project object */ = {
			isa = PBXProject;
			attributes = {
				BuildIndependentTargetsInParallel = 1;
				LastSwiftUpdateCheck = 1410;
				LastUpgradeCheck = 1410;
				TargetAttributes = {
					7A3C092529360CDE00D0AF2F = {
						CreatedOnToolsVersion = 14.1;
					};
				};
			};
			buildConfigurationList = 7A3C092129360CDE00D0AF2F /* Build configuration list for PBXProject "Project23" */;
			compatibilityVersion = "Xcode 14.0";
			developmentRegion = en;
			hasScannedForEncodings = 0;
			knownRegions = (
				en,
				Base,
			);
			mainGroup = 7A3C091D29360CDE00D0AF2F;
			productRefGroup = 7A3C092729360CDE00D0AF2F /* Products */;
			projectDirPath = "";
			projectRoot = "";
			targets = (
				7A3C092529360CDE00D0AF2F /* Project23 */,
			);
		};
/* End PBXProject section */

/* Begin PBXResourcesBuildPhase section */
		7A3C092429360CDE00D0AF2F /* Resources */ = {
			isa = PBXResourcesBuildPhase;
			buildActionMask = 2147483647;
			files = (
				7A3C095A293615AC00D0AF2F /* sliceBombFuse.caf in Resources */,
				7A3C095D293615AC00D0AF2F /* launch.caf in Resources */,
				7A3C0959293615AC00D0AF2F /* swoosh3.caf in Resources */,
				7A3C0958293615AC00D0AF2F /* swoosh2.caf in Resources */,
				7A3C093529360CDE00D0AF2F /* Main.storyboard in Resources */,
				7A3C092C29360CDE00D0AF2F /* GameScene.sks in Resources */,
				7A3C094B29360D9C00D0AF2F /* sliceFuse.sks in Resources */,
				7A3C094C29360D9C00D0AF2F /* sliceHitEnemy.sks in Resources */,
				7A3C095C293615AC00D0AF2F /* swoosh1.caf in Resources */,
				7A3C095B293615AC00D0AF2F /* whack.caf in Resources */,
				7A3C0957293615AC00D0AF2F /* wrong.caf in Resources */,
				7A3C094D29360D9C00D0AF2F /* sliceHitBomb.sks in Resources */,
				7A3C093729360CDF00D0AF2F /* Assets.xcassets in Resources */,
				7A3C0956293615AC00D0AF2F /* explosion.caf in Resources */,
				7A3C093A29360CDF00D0AF2F /* LaunchScreen.storyboard in Resources */,
			);
			runOnlyForDeploymentPostprocessing = 0;
		};
/* End PBXResourcesBuildPhase section */

/* Begin PBXSourcesBuildPhase section */
		7A3C092229360CDE00D0AF2F /* Sources */ = {
			isa = PBXSourcesBuildPhase;
			buildActionMask = 2147483647;
			files = (
				7A3C093029360CDE00D0AF2F /* GameScene.swift in Sources */,
				7A3C093229360CDE00D0AF2F /* GameViewController.swift in Sources */,
				7A3C092A29360CDE00D0AF2F /* AppDelegate.swift in Sources */,
			);
			runOnlyForDeploymentPostprocessing = 0;
		};
/* End PBXSourcesBuildPhase section */

/* Begin PBXVariantGroup section */
		7A3C093329360CDE00D0AF2F /* Main.storyboard */ = {
			isa = PBXVariantGroup;
			children = (
				7A3C093429360CDE00D0AF2F /* Base */,
			);
			name = Main.storyboard;
			sourceTree = "<group>";
		};
		7A3C093829360CDF00D0AF2F /* LaunchScreen.storyboard */ = {
			isa = PBXVariantGroup;
			children = (
				7A3C093929360CDF00D0AF2F /* Base */,
			);
			name = LaunchScreen.storyboard;
			sourceTree = "<group>";
		};
/* End PBXVariantGroup section */

/* Begin XCBuildConfiguration section */
		7A3C093B29360CDF00D0AF2F /* Debug */ = {
			isa = XCBuildConfiguration;
			buildSettings = {
				ALWAYS_SEARCH_USER_PATHS = NO;
				CLANG_ANALYZER_NONNULL = YES;
				CLANG_ANALYZER_NUMBER_OBJECT_CONVERSION = YES_AGGRESSIVE;
				CLANG_CXX_LANGUAGE_STANDARD = "gnu++20";
				CLANG_ENABLE_MODULES = YES;
				CLANG_ENABLE_OBJC_ARC = YES;
				CLANG_ENABLE_OBJC_WEAK = YES;
				CLANG_WARN_BLOCK_CAPTURE_AUTORELEASING = YES;
				CLANG_WARN_BOOL_CONVERSION = YES;
				CLANG_WARN_COMMA = YES;
				CLANG_WARN_CONSTANT_CONVERSION = YES;
				CLANG_WARN_DEPRECATED_OBJC_IMPLEMENTATIONS = YES;
				CLANG_WARN_DIRECT_OBJC_ISA_USAGE = YES_ERROR;
				CLANG_WARN_DOCUMENTATION_COMMENTS = YES;
				CLANG_WARN_EMPTY_BODY = YES;
				CLANG_WARN_ENUM_CONVERSION = YES;
				CLANG_WARN_INFINITE_RECURSION = YES;
				CLANG_WARN_INT_CONVERSION = YES;
				CLANG_WARN_NON_LITERAL_NULL_CONVERSION = YES;
				CLANG_WARN_OBJC_IMPLICIT_RETAIN_SELF = YES;
				CLANG_WARN_OBJC_LITERAL_CONVERSION = YES;
				CLANG_WARN_OBJC_ROOT_CLASS = YES_ERROR;
				CLANG_WARN_QUOTED_INCLUDE_IN_FRAMEWORK_HEADER = YES;
				CLANG_WARN_RANGE_LOOP_ANALYSIS = YES;
				CLANG_WARN_STRICT_PROTOTYPES = YES;
				CLANG_WARN_SUSPICIOUS_MOVE = YES;
				CLANG_WARN_UNGUARDED_AVAILABILITY = YES_AGGRESSIVE;
				CLANG_WARN_UNREACHABLE_CODE = YES;
				CLANG_WARN__DUPLICATE_METHOD_MATCH = YES;
				COPY_PHASE_STRIP = NO;
				DEBUG_INFORMATION_FORMAT = dwarf;
				ENABLE_STRICT_OBJC_MSGSEND = YES;
				ENABLE_TESTABILITY = YES;
				GCC_C_LANGUAGE_STANDARD = gnu11;
				GCC_DYNAMIC_NO_PIC = NO;
				GCC_NO_COMMON_BLOCKS = YES;
				GCC_OPTIMIZATION_LEVEL = 0;
				GCC_PREPROCESSOR_DEFINITIONS = (
					"DEBUG=1",
					"$(inherited)",
				);
				GCC_WARN_64_TO_32_BIT_CONVERSION = YES;
				GCC_WARN_ABOUT_RETURN_TYPE = YES_ERROR;
				GCC_WARN_UNDECLARED_SELECTOR = YES;
				GCC_WARN_UNINITIALIZED_AUTOS = YES_AGGRESSIVE;
				GCC_WARN_UNUSED_FUNCTION = YES;
				GCC_WARN_UNUSED_VARIABLE = YES;
				IPHONEOS_DEPLOYMENT_TARGET = 16.1;
				MTL_ENABLE_DEBUG_INFO = INCLUDE_SOURCE;
				MTL_FAST_MATH = YES;
				ONLY_ACTIVE_ARCH = YES;
				SDKROOT = iphoneos;
				SWIFT_ACTIVE_COMPILATION_CONDITIONS = DEBUG;
				SWIFT_OPTIMIZATION_LEVEL = "-Onone";
			};
			name = Debug;
		};
		7A3C093C29360CDF00D0AF2F /* Release */ = {
			isa = XCBuildConfiguration;
			buildSettings = {
				ALWAYS_SEARCH_USER_PATHS = NO;
				CLANG_ANALYZER_NONNULL = YES;
				CLANG_ANALYZER_NUMBER_OBJECT_CONVERSION = YES_AGGRESSIVE;
				CLANG_CXX_LANGUAGE_STANDARD = "gnu++20";
				CLANG_ENABLE_MODULES = YES;
				CLANG_ENABLE_OBJC_ARC = YES;
				CLANG_ENABLE_OBJC_WEAK = YES;
				CLANG_WARN_BLOCK_CAPTURE_AUTORELEASING = YES;
				CLANG_WARN_BOOL_CONVERSION = YES;
				CLANG_WARN_COMMA = YES;
				CLANG_WARN_CONSTANT_CONVERSION = YES;
				CLANG_WARN_DEPRECATED_OBJC_IMPLEMENTATIONS = YES;
				CLANG_WARN_DIRECT_OBJC_ISA_USAGE = YES_ERROR;
				CLANG_WARN_DOCUMENTATION_COMMENTS = YES;
				CLANG_WARN_EMPTY_BODY = YES;
				CLANG_WARN_ENUM_CONVERSION = YES;
				CLANG_WARN_INFINITE_RECURSION = YES;
				CLANG_WARN_INT_CONVERSION = YES;
				CLANG_WARN_NON_LITERAL_NULL_CONVERSION = YES;
				CLANG_WARN_OBJC_IMPLICIT_RETAIN_SELF = YES;
				CLANG_WARN_OBJC_LITERAL_CONVERSION = YES;
				CLANG_WARN_OBJC_ROOT_CLASS = YES_ERROR;
				CLANG_WARN_QUOTED_INCLUDE_IN_FRAMEWORK_HEADER = YES;
				CLANG_WARN_RANGE_LOOP_ANALYSIS = YES;
				CLANG_WARN_STRICT_PROTOTYPES = YES;
				CLANG_WARN_SUSPICIOUS_MOVE = YES;
				CLANG_WARN_UNGUARDED_AVAILABILITY = YES_AGGRESSIVE;
				CLANG_WARN_UNREACHABLE_CODE = YES;
				CLANG_WARN__DUPLICATE_METHOD_MATCH = YES;
				COPY_PHASE_STRIP = NO;
				DEBUG_INFORMATION_FORMAT = "dwarf-with-dsym";
				ENABLE_NS_ASSERTIONS = NO;
				ENABLE_STRICT_OBJC_MSGSEND = YES;
				GCC_C_LANGUAGE_STANDARD = gnu11;
				GCC_NO_COMMON_BLOCKS = YES;
				GCC_WARN_64_TO_32_BIT_CONVERSION = YES;
				GCC_WARN_ABOUT_RETURN_TYPE = YES_ERROR;
				GCC_WARN_UNDECLARED_SELECTOR = YES;
				GCC_WARN_UNINITIALIZED_AUTOS = YES_AGGRESSIVE;
				GCC_WARN_UNUSED_FUNCTION = YES;
				GCC_WARN_UNUSED_VARIABLE = YES;
				IPHONEOS_DEPLOYMENT_TARGET = 16.1;
				MTL_ENABLE_DEBUG_INFO = NO;
				MTL_FAST_MATH = YES;
				SDKROOT = iphoneos;
				SWIFT_COMPILATION_MODE = wholemodule;
				SWIFT_OPTIMIZATION_LEVEL = "-O";
				VALIDATE_PRODUCT = YES;
			};
			name = Release;
		};
		7A3C093E29360CDF00D0AF2F /* Debug */ = {
			isa = XCBuildConfiguration;
			buildSettings = {
				ASSETCATALOG_COMPILER_APPICON_NAME = AppIcon;
				ASSETCATALOG_COMPILER_GLOBAL_ACCENT_COLOR_NAME = AccentColor;
				CODE_SIGN_STYLE = Automatic;
				CURRENT_PROJECT_VERSION = 1;
				GENERATE_INFOPLIST_FILE = YES;
				INFOPLIST_KEY_UIApplicationSupportsIndirectInputEvents = YES;
				INFOPLIST_KEY_UILaunchStoryboardName = LaunchScreen;
				INFOPLIST_KEY_UIMainStoryboardFile = Main;
				INFOPLIST_KEY_UIStatusBarHidden = YES;
				INFOPLIST_KEY_UISupportedInterfaceOrientations = "UIInterfaceOrientationLandscapeLeft UIInterfaceOrientationLandscapeRight UIInterfaceOrientationPortrait";
				INFOPLIST_KEY_UISupportedInterfaceOrientations_iPad = "UIInterfaceOrientationLandscapeLeft UIInterfaceOrientationLandscapeRight";
				LD_RUNPATH_SEARCH_PATHS = (
					"$(inherited)",
					"@executable_path/Frameworks",
				);
				MARKETING_VERSION = 1.0;
				PRODUCT_BUNDLE_IDENTIFIER = dev.ionixjunior.Project23;
				PRODUCT_NAME = "$(TARGET_NAME)";
				SUPPORTED_PLATFORMS = "iphoneos iphonesimulator";
				SUPPORTS_MACCATALYST = NO;
				SUPPORTS_MAC_DESIGNED_FOR_IPHONE_IPAD = YES;
				SWIFT_EMIT_LOC_STRINGS = YES;
				SWIFT_VERSION = 5.0;
				TARGETED_DEVICE_FAMILY = 2;
			};
			name = Debug;
		};
		7A3C093F29360CDF00D0AF2F /* Release */ = {
			isa = XCBuildConfiguration;
			buildSettings = {
				ASSETCATALOG_COMPILER_APPICON_NAME = AppIcon;
				ASSETCATALOG_COMPILER_GLOBAL_ACCENT_COLOR_NAME = AccentColor;
				CODE_SIGN_STYLE = Automatic;
				CURRENT_PROJECT_VERSION = 1;
				GENERATE_INFOPLIST_FILE = YES;
				INFOPLIST_KEY_UIApplicationSupportsIndirectInputEvents = YES;
				INFOPLIST_KEY_UILaunchStoryboardName = LaunchScreen;
				INFOPLIST_KEY_UIMainStoryboardFile = Main;
				INFOPLIST_KEY_UIStatusBarHidden = YES;
				INFOPLIST_KEY_UISupportedInterfaceOrientations = "UIInterfaceOrientationLandscapeLeft UIInterfaceOrientationLandscapeRight UIInterfaceOrientationPortrait";
				INFOPLIST_KEY_UISupportedInterfaceOrientations_iPad = "UIInterfaceOrientationLandscapeLeft UIInterfaceOrientationLandscapeRight";
				LD_RUNPATH_SEARCH_PATHS = (
					"$(inherited)",
					"@executable_path/Frameworks",
				);
				MARKETING_VERSION = 1.0;
				PRODUCT_BUNDLE_IDENTIFIER = dev.ionixjunior.Project23;
				PRODUCT_NAME = "$(TARGET_NAME)";
				SUPPORTED_PLATFORMS = "iphoneos iphonesimulator";
				SUPPORTS_MACCATALYST = NO;
				SUPPORTS_MAC_DESIGNED_FOR_IPHONE_IPAD = YES;
				SWIFT_EMIT_LOC_STRINGS = YES;
				SWIFT_VERSION = 5.0;
				TARGETED_DEVICE_FAMILY = 2;
			};
			name = Release;
		};
/* End XCBuildConfiguration section */

/* Begin XCConfigurationList section */
		7A3C092129360CDE00D0AF2F /* Build configuration list for PBXProject "Project23" */ = {
			isa = XCConfigurationList;
			buildConfigurations = (
				7A3C093B29360CDF00D0AF2F /* Debug */,
				7A3C093C29360CDF00D0AF2F /* Release */,
			);
			defaultConfigurationIsVisible = 0;
			defaultConfigurationName = Release;
		};
		7A3C093D29360CDF00D0AF2F /* Build configuration list for PBXNativeTarget "Project23" */ = {
			isa = XCConfigurationList;
			buildConfigurations = (
				7A3C093E29360CDF00D0AF2F /* Debug */,
				7A3C093F29360CDF00D0AF2F /* Release */,
			);
			defaultConfigurationIsVisible = 0;
			defaultConfigurationName = Release;
		};
/* End XCConfigurationList section */
	};
	rootObject = 7A3C091E29360CDE00D0AF2F /* Project object */;
}
