// !$*UTF8*$!
{
	archiveVersion = 1;
	classes = {
	};
	objectVersion = 56;
	objects = {

/* Begin PBXBuildFile section */
		7A52F2A228EE2C94001AC4BB /* AppDelegate.swift in Sources */ = {isa = PBXBuildFile; fileRef = 7A52F2A128EE2C94001AC4BB /* AppDelegate.swift */; };
		7A52F2A428EE2C94001AC4BB /* SceneDelegate.swift in Sources */ = {isa = PBXBuildFile; fileRef = 7A52F2A328EE2C94001AC4BB /* SceneDelegate.swift */; };
		7A52F2A628EE2C94001AC4BB /* ViewController.swift in Sources */ = {isa = PBXBuildFile; fileRef = 7A52F2A528EE2C94001AC4BB /* ViewController.swift */; };
		7A52F2A928EE2C94001AC4BB /* Main.storyboard in Resources */ = {isa = PBXBuildFile; fileRef = 7A52F2A728EE2C94001AC4BB /* Main.storyboard */; };
		7A52F2AB28EE2C97001AC4BB /* Assets.xcassets in Resources */ = {isa = PBXBuildFile; fileRef = 7A52F2AA28EE2C97001AC4BB /* Assets.xcassets */; };
		7A52F2AE28EE2C97001AC4BB /* LaunchScreen.storyboard in Resources */ = {isa = PBXBuildFile; fileRef = 7A52F2AC28EE2C97001AC4BB /* LaunchScreen.storyboard */; };
		7A52F2B928EE2C97001AC4BB /* MilestoneProjects01_03Tests.swift in Sources */ = {isa = PBXBuildFile; fileRef = 7A52F2B828EE2C97001AC4BB /* MilestoneProjects01_03Tests.swift */; };
		7A52F2C328EE2C97001AC4BB /* MilestoneProjects01_03UITests.swift in Sources */ = {isa = PBXBuildFile; fileRef = 7A52F2C228EE2C97001AC4BB /* MilestoneProjects01_03UITests.swift */; };
		7A52F2C528EE2C97001AC4BB /* MilestoneProjects01_03UITestsLaunchTests.swift in Sources */ = {isa = PBXBuildFile; fileRef = 7A52F2C428EE2C97001AC4BB /* MilestoneProjects01_03UITestsLaunchTests.swift */; };
		7A52F2D228EE30CA001AC4BB /* Country.swift in Sources */ = {isa = PBXBuildFile; fileRef = 7A52F2D128EE30CA001AC4BB /* Country.swift */; };
		7A52F2D428EE3AEF001AC4BB /* DetailViewController.swift in Sources */ = {isa = PBXBuildFile; fileRef = 7A52F2D328EE3AEF001AC4BB /* DetailViewController.swift */; };
/* End PBXBuildFile section */

/* Begin PBXContainerItemProxy section */
		7A52F2B528EE2C97001AC4BB /* PBXContainerItemProxy */ = {
			isa = PBXContainerItemProxy;
			containerPortal = 7A52F29628EE2C94001AC4BB /* Project object */;
			proxyType = 1;
			remoteGlobalIDString = 7A52F29D28EE2C94001AC4BB;
			remoteInfo = "MilestoneProjects01-03";
		};
		7A52F2BF28EE2C97001AC4BB /* PBXContainerItemProxy */ = {
			isa = PBXContainerItemProxy;
			containerPortal = 7A52F29628EE2C94001AC4BB /* Project object */;
			proxyType = 1;
			remoteGlobalIDString = 7A52F29D28EE2C94001AC4BB;
			remoteInfo = "MilestoneProjects01-03";
		};
/* End PBXContainerItemProxy section */

/* Begin PBXFileReference section */
		7A52F29E28EE2C94001AC4BB /* MilestoneProjects01-03.app */ = {isa = PBXFileReference; explicitFileType = wrapper.application; includeInIndex = 0; path = "MilestoneProjects01-03.app"; sourceTree = BUILT_PRODUCTS_DIR; };
		7A52F2A128EE2C94001AC4BB /* AppDelegate.swift */ = {isa = PBXFileReference; lastKnownFileType = sourcecode.swift; path = AppDelegate.swift; sourceTree = "<group>"; };
		7A52F2A328EE2C94001AC4BB /* SceneDelegate.swift */ = {isa = PBXFileReference; lastKnownFileType = sourcecode.swift; path = SceneDelegate.swift; sourceTree = "<group>"; };
		7A52F2A528EE2C94001AC4BB /* ViewController.swift */ = {isa = PBXFileReference; lastKnownFileType = sourcecode.swift; path = ViewController.swift; sourceTree = "<group>"; };
		7A52F2A828EE2C94001AC4BB /* Base */ = {isa = PBXFileReference; lastKnownFileType = file.storyboard; name = Base; path = Base.lproj/Main.storyboard; sourceTree = "<group>"; };
		7A52F2AA28EE2C97001AC4BB /* Assets.xcassets */ = {isa = PBXFileReference; lastKnownFileType = folder.assetcatalog; path = Assets.xcassets; sourceTree = "<group>"; };
		7A52F2AD28EE2C97001AC4BB /* Base */ = {isa = PBXFileReference; lastKnownFileType = file.storyboard; name = Base; path = Base.lproj/LaunchScreen.storyboard; sourceTree = "<group>"; };
		7A52F2AF28EE2C97001AC4BB /* Info.plist */ = {isa = PBXFileReference; lastKnownFileType = text.plist.xml; path = Info.plist; sourceTree = "<group>"; };
		7A52F2B428EE2C97001AC4BB /* MilestoneProjects01-03Tests.xctest */ = {isa = PBXFileReference; explicitFileType = wrapper.cfbundle; includeInIndex = 0; path = "MilestoneProjects01-03Tests.xctest"; sourceTree = BUILT_PRODUCTS_DIR; };
		7A52F2B828EE2C97001AC4BB /* MilestoneProjects01_03Tests.swift */ = {isa = PBXFileReference; lastKnownFileType = sourcecode.swift; path = MilestoneProjects01_03Tests.swift; sourceTree = "<group>"; };
		7A52F2BE28EE2C97001AC4BB /* MilestoneProjects01-03UITests.xctest */ = {isa = PBXFileReference; explicitFileType = wrapper.cfbundle; includeInIndex = 0; path = "MilestoneProjects01-03UITests.xctest"; sourceTree = BUILT_PRODUCTS_DIR; };
		7A52F2C228EE2C97001AC4BB /* MilestoneProjects01_03UITests.swift */ = {isa = PBXFileReference; lastKnownFileType = sourcecode.swift; path = MilestoneProjects01_03UITests.swift; sourceTree = "<group>"; };
		7A52F2C428EE2C97001AC4BB /* MilestoneProjects01_03UITestsLaunchTests.swift */ = {isa = PBXFileReference; lastKnownFileType = sourcecode.swift; path = MilestoneProjects01_03UITestsLaunchTests.swift; sourceTree = "<group>"; };
		7A52F2D128EE30CA001AC4BB /* Country.swift */ = {isa = PBXFileReference; lastKnownFileType = sourcecode.swift; path = Country.swift; sourceTree = "<group>"; };
		7A52F2D328EE3AEF001AC4BB /* DetailViewController.swift */ = {isa = PBXFileReference; lastKnownFileType = sourcecode.swift; path = DetailViewController.swift; sourceTree = "<group>"; };
/* End PBXFileReference section */

/* Begin PBXFrameworksBuildPhase section */
		7A52F29B28EE2C94001AC4BB /* Frameworks */ = {
			isa = PBXFrameworksBuildPhase;
			buildActionMask = 2147483647;
			files = (
			);
			runOnlyForDeploymentPostprocessing = 0;
		};
		7A52F2B128EE2C97001AC4BB /* Frameworks */ = {
			isa = PBXFrameworksBuildPhase;
			buildActionMask = 2147483647;
			files = (
			);
			runOnlyForDeploymentPostprocessing = 0;
		};
		7A52F2BB28EE2C97001AC4BB /* Frameworks */ = {
			isa = PBXFrameworksBuildPhase;
			buildActionMask = 2147483647;
			files = (
			);
			runOnlyForDeploymentPostprocessing = 0;
		};
/* End PBXFrameworksBuildPhase section */

/* Begin PBXGroup section */
		7A52F29528EE2C94001AC4BB = {
			isa = PBXGroup;
			children = (
				7A52F2A028EE2C94001AC4BB /* MilestoneProjects01-03 */,
				7A52F2B728EE2C97001AC4BB /* MilestoneProjects01-03Tests */,
				7A52F2C128EE2C97001AC4BB /* MilestoneProjects01-03UITests */,
				7A52F29F28EE2C94001AC4BB /* Products */,
			);
			sourceTree = "<group>";
		};
		7A52F29F28EE2C94001AC4BB /* Products */ = {
			isa = PBXGroup;
			children = (
				7A52F29E28EE2C94001AC4BB /* MilestoneProjects01-03.app */,
				7A52F2B428EE2C97001AC4BB /* MilestoneProjects01-03Tests.xctest */,
				7A52F2BE28EE2C97001AC4BB /* MilestoneProjects01-03UITests.xctest */,
			);
			name = Products;
			sourceTree = "<group>";
		};
		7A52F2A028EE2C94001AC4BB /* MilestoneProjects01-03 */ = {
			isa = PBXGroup;
			children = (
				7A52F2A128EE2C94001AC4BB /* AppDelegate.swift */,
				7A52F2A328EE2C94001AC4BB /* SceneDelegate.swift */,
				7A52F2A528EE2C94001AC4BB /* ViewController.swift */,
				7A52F2D328EE3AEF001AC4BB /* DetailViewController.swift */,
				7A52F2A728EE2C94001AC4BB /* Main.storyboard */,
				7A52F2AA28EE2C97001AC4BB /* Assets.xcassets */,
				7A52F2AC28EE2C97001AC4BB /* LaunchScreen.storyboard */,
				7A52F2AF28EE2C97001AC4BB /* Info.plist */,
				7A52F2D128EE30CA001AC4BB /* Country.swift */,
			);
			path = "MilestoneProjects01-03";
			sourceTree = "<group>";
		};
		7A52F2B728EE2C97001AC4BB /* MilestoneProjects01-03Tests */ = {
			isa = PBXGroup;
			children = (
				7A52F2B828EE2C97001AC4BB /* MilestoneProjects01_03Tests.swift */,
			);
			path = "MilestoneProjects01-03Tests";
			sourceTree = "<group>";
		};
		7A52F2C128EE2C97001AC4BB /* MilestoneProjects01-03UITests */ = {
			isa = PBXGroup;
			children = (
				7A52F2C228EE2C97001AC4BB /* MilestoneProjects01_03UITests.swift */,
				7A52F2C428EE2C97001AC4BB /* MilestoneProjects01_03UITestsLaunchTests.swift */,
			);
			path = "MilestoneProjects01-03UITests";
			sourceTree = "<group>";
		};
/* End PBXGroup section */

/* Begin PBXNativeTarget section */
		7A52F29D28EE2C94001AC4BB /* MilestoneProjects01-03 */ = {
			isa = PBXNativeTarget;
			buildConfigurationList = 7A52F2C828EE2C97001AC4BB /* Build configuration list for PBXNativeTarget "MilestoneProjects01-03" */;
			buildPhases = (
				7A52F29A28EE2C94001AC4BB /* Sources */,
				7A52F29B28EE2C94001AC4BB /* Frameworks */,
				7A52F29C28EE2C94001AC4BB /* Resources */,
			);
			buildRules = (
			);
			dependencies = (
			);
			name = "MilestoneProjects01-03";
			productName = "MilestoneProjects01-03";
			productReference = 7A52F29E28EE2C94001AC4BB /* MilestoneProjects01-03.app */;
			productType = "com.apple.product-type.application";
		};
		7A52F2B328EE2C97001AC4BB /* MilestoneProjects01-03Tests */ = {
			isa = PBXNativeTarget;
			buildConfigurationList = 7A52F2CB28EE2C97001AC4BB /* Build configuration list for PBXNativeTarget "MilestoneProjects01-03Tests" */;
			buildPhases = (
				7A52F2B028EE2C97001AC4BB /* Sources */,
				7A52F2B128EE2C97001AC4BB /* Frameworks */,
				7A52F2B228EE2C97001AC4BB /* Resources */,
			);
			buildRules = (
			);
			dependencies = (
				7A52F2B628EE2C97001AC4BB /* PBXTargetDependency */,
			);
			name = "MilestoneProjects01-03Tests";
			productName = "MilestoneProjects01-03Tests";
			productReference = 7A52F2B428EE2C97001AC4BB /* MilestoneProjects01-03Tests.xctest */;
			productType = "com.apple.product-type.bundle.unit-test";
		};
		7A52F2BD28EE2C97001AC4BB /* MilestoneProjects01-03UITests */ = {
			isa = PBXNativeTarget;
			buildConfigurationList = 7A52F2CE28EE2C97001AC4BB /* Build configuration list for PBXNativeTarget "MilestoneProjects01-03UITests" */;
			buildPhases = (
				7A52F2BA28EE2C97001AC4BB /* Sources */,
				7A52F2BB28EE2C97001AC4BB /* Frameworks */,
				7A52F2BC28EE2C97001AC4BB /* Resources */,
			);
			buildRules = (
			);
			dependencies = (
				7A52F2C028EE2C97001AC4BB /* PBXTargetDependency */,
			);
			name = "MilestoneProjects01-03UITests";
			productName = "MilestoneProjects01-03UITests";
			productReference = 7A52F2BE28EE2C97001AC4BB /* MilestoneProjects01-03UITests.xctest */;
			productType = "com.apple.product-type.bundle.ui-testing";
		};
/* End PBXNativeTarget section */

/* Begin PBXProject section */
		7A52F29628EE2C94001AC4BB /* Project object */ = {
			isa = PBXProject;
			attributes = {
				BuildIndependentTargetsInParallel = 1;
				LastSwiftUpdateCheck = 1400;
				LastUpgradeCheck = 1400;
				TargetAttributes = {
					7A52F29D28EE2C94001AC4BB = {
						CreatedOnToolsVersion = 14.0.1;
					};
					7A52F2B328EE2C97001AC4BB = {
						CreatedOnToolsVersion = 14.0.1;
						TestTargetID = 7A52F29D28EE2C94001AC4BB;
					};
					7A52F2BD28EE2C97001AC4BB = {
						CreatedOnToolsVersion = 14.0.1;
						TestTargetID = 7A52F29D28EE2C94001AC4BB;
					};
				};
			};
			buildConfigurationList = 7A52F29928EE2C94001AC4BB /* Build configuration list for PBXProject "MilestoneProjects01-03" */;
			compatibilityVersion = "Xcode 14.0";
			developmentRegion = en;
			hasScannedForEncodings = 0;
			knownRegions = (
				en,
				Base,
			);
			mainGroup = 7A52F29528EE2C94001AC4BB;
			productRefGroup = 7A52F29F28EE2C94001AC4BB /* Products */;
			projectDirPath = "";
			projectRoot = "";
			targets = (
				7A52F29D28EE2C94001AC4BB /* MilestoneProjects01-03 */,
				7A52F2B328EE2C97001AC4BB /* MilestoneProjects01-03Tests */,
				7A52F2BD28EE2C97001AC4BB /* MilestoneProjects01-03UITests */,
			);
		};
/* End PBXProject section */

/* Begin PBXResourcesBuildPhase section */
		7A52F29C28EE2C94001AC4BB /* Resources */ = {
			isa = PBXResourcesBuildPhase;
			buildActionMask = 2147483647;
			files = (
				7A52F2AE28EE2C97001AC4BB /* LaunchScreen.storyboard in Resources */,
				7A52F2AB28EE2C97001AC4BB /* Assets.xcassets in Resources */,
				7A52F2A928EE2C94001AC4BB /* Main.storyboard in Resources */,
			);
			runOnlyForDeploymentPostprocessing = 0;
		};
		7A52F2B228EE2C97001AC4BB /* Resources */ = {
			isa = PBXResourcesBuildPhase;
			buildActionMask = 2147483647;
			files = (
			);
			runOnlyForDeploymentPostprocessing = 0;
		};
		7A52F2BC28EE2C97001AC4BB /* Resources */ = {
			isa = PBXResourcesBuildPhase;
			buildActionMask = 2147483647;
			files = (
			);
			runOnlyForDeploymentPostprocessing = 0;
		};
/* End PBXResourcesBuildPhase section */

/* Begin PBXSourcesBuildPhase section */
		7A52F29A28EE2C94001AC4BB /* Sources */ = {
			isa = PBXSourcesBuildPhase;
			buildActionMask = 2147483647;
			files = (
				7A52F2D228EE30CA001AC4BB /* Country.swift in Sources */,
				7A52F2A628EE2C94001AC4BB /* ViewController.swift in Sources */,
				7A52F2D428EE3AEF001AC4BB /* DetailViewController.swift in Sources */,
				7A52F2A228EE2C94001AC4BB /* AppDelegate.swift in Sources */,
				7A52F2A428EE2C94001AC4BB /* SceneDelegate.swift in Sources */,
			);
			runOnlyForDeploymentPostprocessing = 0;
		};
		7A52F2B028EE2C97001AC4BB /* Sources */ = {
			isa = PBXSourcesBuildPhase;
			buildActionMask = 2147483647;
			files = (
				7A52F2B928EE2C97001AC4BB /* MilestoneProjects01_03Tests.swift in Sources */,
			);
			runOnlyForDeploymentPostprocessing = 0;
		};
		7A52F2BA28EE2C97001AC4BB /* Sources */ = {
			isa = PBXSourcesBuildPhase;
			buildActionMask = 2147483647;
			files = (
				7A52F2C328EE2C97001AC4BB /* MilestoneProjects01_03UITests.swift in Sources */,
				7A52F2C528EE2C97001AC4BB /* MilestoneProjects01_03UITestsLaunchTests.swift in Sources */,
			);
			runOnlyForDeploymentPostprocessing = 0;
		};
/* End PBXSourcesBuildPhase section */

/* Begin PBXTargetDependency section */
		7A52F2B628EE2C97001AC4BB /* PBXTargetDependency */ = {
			isa = PBXTargetDependency;
			target = 7A52F29D28EE2C94001AC4BB /* MilestoneProjects01-03 */;
			targetProxy = 7A52F2B528EE2C97001AC4BB /* PBXContainerItemProxy */;
		};
		7A52F2C028EE2C97001AC4BB /* PBXTargetDependency */ = {
			isa = PBXTargetDependency;
			target = 7A52F29D28EE2C94001AC4BB /* MilestoneProjects01-03 */;
			targetProxy = 7A52F2BF28EE2C97001AC4BB /* PBXContainerItemProxy */;
		};
/* End PBXTargetDependency section */

/* Begin PBXVariantGroup section */
		7A52F2A728EE2C94001AC4BB /* Main.storyboard */ = {
			isa = PBXVariantGroup;
			children = (
				7A52F2A828EE2C94001AC4BB /* Base */,
			);
			name = Main.storyboard;
			sourceTree = "<group>";
		};
		7A52F2AC28EE2C97001AC4BB /* LaunchScreen.storyboard */ = {
			isa = PBXVariantGroup;
			children = (
				7A52F2AD28EE2C97001AC4BB /* Base */,
			);
			name = LaunchScreen.storyboard;
			sourceTree = "<group>";
		};
/* End PBXVariantGroup section */

/* Begin XCBuildConfiguration section */
		7A52F2C628EE2C97001AC4BB /* Debug */ = {
			isa = XCBuildConfiguration;
			buildSettings = {
				ALWAYS_SEARCH_USER_PATHS = NO;
				CLANG_ANALYZER_NONNULL = YES;
				CLANG_ANALYZER_NUMBER_OBJECT_CONVERSION = YES_AGGRESSIVE;
				CLANG_CXX_LANGUAGE_STANDARD = "gnu++20";
				CLANG_ENABLE_MODULES = YES;
				CLANG_ENABLE_OBJC_ARC = YES;
				CLANG_ENABLE_OBJC_WEAK = YES;
				CLANG_WARN_BLOCK_CAPTURE_AUTORELEASING = YES;
				CLANG_WARN_BOOL_CONVERSION = YES;
				CLANG_WARN_COMMA = YES;
				CLANG_WARN_CONSTANT_CONVERSION = YES;
				CLANG_WARN_DEPRECATED_OBJC_IMPLEMENTATIONS = YES;
				CLANG_WARN_DIRECT_OBJC_ISA_USAGE = YES_ERROR;
				CLANG_WARN_DOCUMENTATION_COMMENTS = YES;
				CLANG_WARN_EMPTY_BODY = YES;
				CLANG_WARN_ENUM_CONVERSION = YES;
				CLANG_WARN_INFINITE_RECURSION = YES;
				CLANG_WARN_INT_CONVERSION = YES;
				CLANG_WARN_NON_LITERAL_NULL_CONVERSION = YES;
				CLANG_WARN_OBJC_IMPLICIT_RETAIN_SELF = YES;
				CLANG_WARN_OBJC_LITERAL_CONVERSION = YES;
				CLANG_WARN_OBJC_ROOT_CLASS = YES_ERROR;
				CLANG_WARN_QUOTED_INCLUDE_IN_FRAMEWORK_HEADER = YES;
				CLANG_WARN_RANGE_LOOP_ANALYSIS = YES;
				CLANG_WARN_STRICT_PROTOTYPES = YES;
				CLANG_WARN_SUSPICIOUS_MOVE = YES;
				CLANG_WARN_UNGUARDED_AVAILABILITY = YES_AGGRESSIVE;
				CLANG_WARN_UNREACHABLE_CODE = YES;
				CLANG_WARN__DUPLICATE_METHOD_MATCH = YES;
				COPY_PHASE_STRIP = NO;
				DEBUG_INFORMATION_FORMAT = dwarf;
				ENABLE_STRICT_OBJC_MSGSEND = YES;
				ENABLE_TESTABILITY = YES;
				GCC_C_LANGUAGE_STANDARD = gnu11;
				GCC_DYNAMIC_NO_PIC = NO;
				GCC_NO_COMMON_BLOCKS = YES;
				GCC_OPTIMIZATION_LEVEL = 0;
				GCC_PREPROCESSOR_DEFINITIONS = (
					"DEBUG=1",
					"$(inherited)",
				);
				GCC_WARN_64_TO_32_BIT_CONVERSION = YES;
				GCC_WARN_ABOUT_RETURN_TYPE = YES_ERROR;
				GCC_WARN_UNDECLARED_SELECTOR = YES;
				GCC_WARN_UNINITIALIZED_AUTOS = YES_AGGRESSIVE;
				GCC_WARN_UNUSED_FUNCTION = YES;
				GCC_WARN_UNUSED_VARIABLE = YES;
				IPHONEOS_DEPLOYMENT_TARGET = 16.0;
				MTL_ENABLE_DEBUG_INFO = INCLUDE_SOURCE;
				MTL_FAST_MATH = YES;
				ONLY_ACTIVE_ARCH = YES;
				SDKROOT = iphoneos;
				SWIFT_ACTIVE_COMPILATION_CONDITIONS = DEBUG;
				SWIFT_OPTIMIZATION_LEVEL = "-Onone";
			};
			name = Debug;
		};
		7A52F2C728EE2C97001AC4BB /* Release */ = {
			isa = XCBuildConfiguration;
			buildSettings = {
				ALWAYS_SEARCH_USER_PATHS = NO;
				CLANG_ANALYZER_NONNULL = YES;
				CLANG_ANALYZER_NUMBER_OBJECT_CONVERSION = YES_AGGRESSIVE;
				CLANG_CXX_LANGUAGE_STANDARD = "gnu++20";
				CLANG_ENABLE_MODULES = YES;
				CLANG_ENABLE_OBJC_ARC = YES;
				CLANG_ENABLE_OBJC_WEAK = YES;
				CLANG_WARN_BLOCK_CAPTURE_AUTORELEASING = YES;
				CLANG_WARN_BOOL_CONVERSION = YES;
				CLANG_WARN_COMMA = YES;
				CLANG_WARN_CONSTANT_CONVERSION = YES;
				CLANG_WARN_DEPRECATED_OBJC_IMPLEMENTATIONS = YES;
				CLANG_WARN_DIRECT_OBJC_ISA_USAGE = YES_ERROR;
				CLANG_WARN_DOCUMENTATION_COMMENTS = YES;
				CLANG_WARN_EMPTY_BODY = YES;
				CLANG_WARN_ENUM_CONVERSION = YES;
				CLANG_WARN_INFINITE_RECURSION = YES;
				CLANG_WARN_INT_CONVERSION = YES;
				CLANG_WARN_NON_LITERAL_NULL_CONVERSION = YES;
				CLANG_WARN_OBJC_IMPLICIT_RETAIN_SELF = YES;
				CLANG_WARN_OBJC_LITERAL_CONVERSION = YES;
				CLANG_WARN_OBJC_ROOT_CLASS = YES_ERROR;
				CLANG_WARN_QUOTED_INCLUDE_IN_FRAMEWORK_HEADER = YES;
				CLANG_WARN_RANGE_LOOP_ANALYSIS = YES;
				CLANG_WARN_STRICT_PROTOTYPES = YES;
				CLANG_WARN_SUSPICIOUS_MOVE = YES;
				CLANG_WARN_UNGUARDED_AVAILABILITY = YES_AGGRESSIVE;
				CLANG_WARN_UNREACHABLE_CODE = YES;
				CLANG_WARN__DUPLICATE_METHOD_MATCH = YES;
				COPY_PHASE_STRIP = NO;
				DEBUG_INFORMATION_FORMAT = "dwarf-with-dsym";
				ENABLE_NS_ASSERTIONS = NO;
				ENABLE_STRICT_OBJC_MSGSEND = YES;
				GCC_C_LANGUAGE_STANDARD = gnu11;
				GCC_NO_COMMON_BLOCKS = YES;
				GCC_WARN_64_TO_32_BIT_CONVERSION = YES;
				GCC_WARN_ABOUT_RETURN_TYPE = YES_ERROR;
				GCC_WARN_UNDECLARED_SELECTOR = YES;
				GCC_WARN_UNINITIALIZED_AUTOS = YES_AGGRESSIVE;
				GCC_WARN_UNUSED_FUNCTION = YES;
				GCC_WARN_UNUSED_VARIABLE = YES;
				IPHONEOS_DEPLOYMENT_TARGET = 16.0;
				MTL_ENABLE_DEBUG_INFO = NO;
				MTL_FAST_MATH = YES;
				SDKROOT = iphoneos;
				SWIFT_COMPILATION_MODE = wholemodule;
				SWIFT_OPTIMIZATION_LEVEL = "-O";
				VALIDATE_PRODUCT = YES;
			};
			name = Release;
		};
		7A52F2C928EE2C97001AC4BB /* Debug */ = {
			isa = XCBuildConfiguration;
			buildSettings = {
				ASSETCATALOG_COMPILER_APPICON_NAME = AppIcon;
				ASSETCATALOG_COMPILER_GLOBAL_ACCENT_COLOR_NAME = AccentColor;
				CODE_SIGN_STYLE = Automatic;
				CURRENT_PROJECT_VERSION = 1;
				GENERATE_INFOPLIST_FILE = YES;
				INFOPLIST_FILE = "MilestoneProjects01-03/Info.plist";
				INFOPLIST_KEY_UIApplicationSupportsIndirectInputEvents = YES;
				INFOPLIST_KEY_UILaunchStoryboardName = LaunchScreen;
				INFOPLIST_KEY_UIMainStoryboardFile = Main;
				INFOPLIST_KEY_UISupportedInterfaceOrientations_iPad = "UIInterfaceOrientationPortrait UIInterfaceOrientationPortraitUpsideDown UIInterfaceOrientationLandscapeLeft UIInterfaceOrientationLandscapeRight";
				INFOPLIST_KEY_UISupportedInterfaceOrientations_iPhone = "UIInterfaceOrientationPortrait UIInterfaceOrientationLandscapeLeft UIInterfaceOrientationLandscapeRight";
				LD_RUNPATH_SEARCH_PATHS = (
					"$(inherited)",
					"@executable_path/Frameworks",
				);
				MARKETING_VERSION = 1.0;
				PRODUCT_BUNDLE_IDENTIFIER = "dev.ionixjunior.MilestoneProjects01-03";
				PRODUCT_NAME = "$(TARGET_NAME)";
				SWIFT_EMIT_LOC_STRINGS = YES;
				SWIFT_VERSION = 5.0;
				TARGETED_DEVICE_FAMILY = "1,2";
			};
			name = Debug;
		};
		7A52F2CA28EE2C97001AC4BB /* Release */ = {
			isa = XCBuildConfiguration;
			buildSettings = {
				ASSETCATALOG_COMPILER_APPICON_NAME = AppIcon;
				ASSETCATALOG_COMPILER_GLOBAL_ACCENT_COLOR_NAME = AccentColor;
				CODE_SIGN_STYLE = Automatic;
				CURRENT_PROJECT_VERSION = 1;
				GENERATE_INFOPLIST_FILE = YES;
				INFOPLIST_FILE = "MilestoneProjects01-03/Info.plist";
				INFOPLIST_KEY_UIApplicationSupportsIndirectInputEvents = YES;
				INFOPLIST_KEY_UILaunchStoryboardName = LaunchScreen;
				INFOPLIST_KEY_UIMainStoryboardFile = Main;
				INFOPLIST_KEY_UISupportedInterfaceOrientations_iPad = "UIInterfaceOrientationPortrait UIInterfaceOrientationPortraitUpsideDown UIInterfaceOrientationLandscapeLeft UIInterfaceOrientationLandscapeRight";
				INFOPLIST_KEY_UISupportedInterfaceOrientations_iPhone = "UIInterfaceOrientationPortrait UIInterfaceOrientationLandscapeLeft UIInterfaceOrientationLandscapeRight";
				LD_RUNPATH_SEARCH_PATHS = (
					"$(inherited)",
					"@executable_path/Frameworks",
				);
				MARKETING_VERSION = 1.0;
				PRODUCT_BUNDLE_IDENTIFIER = "dev.ionixjunior.MilestoneProjects01-03";
				PRODUCT_NAME = "$(TARGET_NAME)";
				SWIFT_EMIT_LOC_STRINGS = YES;
				SWIFT_VERSION = 5.0;
				TARGETED_DEVICE_FAMILY = "1,2";
			};
			name = Release;
		};
		7A52F2CC28EE2C97001AC4BB /* Debug */ = {
			isa = XCBuildConfiguration;
			buildSettings = {
				ALWAYS_EMBED_SWIFT_STANDARD_LIBRARIES = YES;
				BUNDLE_LOADER = "$(TEST_HOST)";
				CODE_SIGN_STYLE = Automatic;
				CURRENT_PROJECT_VERSION = 1;
				GENERATE_INFOPLIST_FILE = YES;
				IPHONEOS_DEPLOYMENT_TARGET = 16.0;
				MARKETING_VERSION = 1.0;
				PRODUCT_BUNDLE_IDENTIFIER = "dev.ionixjunior.MilestoneProjects01-03Tests";
				PRODUCT_NAME = "$(TARGET_NAME)";
				SWIFT_EMIT_LOC_STRINGS = NO;
				SWIFT_VERSION = 5.0;
				TARGETED_DEVICE_FAMILY = "1,2";
				TEST_HOST = "$(BUILT_PRODUCTS_DIR)/MilestoneProjects01-03.app/$(BUNDLE_EXECUTABLE_FOLDER_PATH)/MilestoneProjects01-03";
			};
			name = Debug;
		};
		7A52F2CD28EE2C97001AC4BB /* Release */ = {
			isa = XCBuildConfiguration;
			buildSettings = {
				ALWAYS_EMBED_SWIFT_STANDARD_LIBRARIES = YES;
				BUNDLE_LOADER = "$(TEST_HOST)";
				CODE_SIGN_STYLE = Automatic;
				CURRENT_PROJECT_VERSION = 1;
				GENERATE_INFOPLIST_FILE = YES;
				IPHONEOS_DEPLOYMENT_TARGET = 16.0;
				MARKETING_VERSION = 1.0;
				PRODUCT_BUNDLE_IDENTIFIER = "dev.ionixjunior.MilestoneProjects01-03Tests";
				PRODUCT_NAME = "$(TARGET_NAME)";
				SWIFT_EMIT_LOC_STRINGS = NO;
				SWIFT_VERSION = 5.0;
				TARGETED_DEVICE_FAMILY = "1,2";
				TEST_HOST = "$(BUILT_PRODUCTS_DIR)/MilestoneProjects01-03.app/$(BUNDLE_EXECUTABLE_FOLDER_PATH)/MilestoneProjects01-03";
			};
			name = Release;
		};
		7A52F2CF28EE2C97001AC4BB /* Debug */ = {
			isa = XCBuildConfiguration;
			buildSettings = {
				ALWAYS_EMBED_SWIFT_STANDARD_LIBRARIES = YES;
				CODE_SIGN_STYLE = Automatic;
				CURRENT_PROJECT_VERSION = 1;
				GENERATE_INFOPLIST_FILE = YES;
				MARKETING_VERSION = 1.0;
				PRODUCT_BUNDLE_IDENTIFIER = "dev.ionixjunior.MilestoneProjects01-03UITests";
				PRODUCT_NAME = "$(TARGET_NAME)";
				SWIFT_EMIT_LOC_STRINGS = NO;
				SWIFT_VERSION = 5.0;
				TARGETED_DEVICE_FAMILY = "1,2";
				TEST_TARGET_NAME = "MilestoneProjects01-03";
			};
			name = Debug;
		};
		7A52F2D028EE2C97001AC4BB /* Release */ = {
			isa = XCBuildConfiguration;
			buildSettings = {
				ALWAYS_EMBED_SWIFT_STANDARD_LIBRARIES = YES;
				CODE_SIGN_STYLE = Automatic;
				CURRENT_PROJECT_VERSION = 1;
				GENERATE_INFOPLIST_FILE = YES;
				MARKETING_VERSION = 1.0;
				PRODUCT_BUNDLE_IDENTIFIER = "dev.ionixjunior.MilestoneProjects01-03UITests";
				PRODUCT_NAME = "$(TARGET_NAME)";
				SWIFT_EMIT_LOC_STRINGS = NO;
				SWIFT_VERSION = 5.0;
				TARGETED_DEVICE_FAMILY = "1,2";
				TEST_TARGET_NAME = "MilestoneProjects01-03";
			};
			name = Release;
		};
/* End XCBuildConfiguration section */

/* Begin XCConfigurationList section */
		7A52F29928EE2C94001AC4BB /* Build configuration list for PBXProject "MilestoneProjects01-03" */ = {
			isa = XCConfigurationList;
			buildConfigurations = (
				7A52F2C628EE2C97001AC4BB /* Debug */,
				7A52F2C728EE2C97001AC4BB /* Release */,
			);
			defaultConfigurationIsVisible = 0;
			defaultConfigurationName = Release;
		};
		7A52F2C828EE2C97001AC4BB /* Build configuration list for PBXNativeTarget "MilestoneProjects01-03" */ = {
			isa = XCConfigurationList;
			buildConfigurations = (
				7A52F2C928EE2C97001AC4BB /* Debug */,
				7A52F2CA28EE2C97001AC4BB /* Release */,
			);
			defaultConfigurationIsVisible = 0;
			defaultConfigurationName = Release;
		};
		7A52F2CB28EE2C97001AC4BB /* Build configuration list for PBXNativeTarget "MilestoneProjects01-03Tests" */ = {
			isa = XCConfigurationList;
			buildConfigurations = (
				7A52F2CC28EE2C97001AC4BB /* Debug */,
				7A52F2CD28EE2C97001AC4BB /* Release */,
			);
			defaultConfigurationIsVisible = 0;
			defaultConfigurationName = Release;
		};
		7A52F2CE28EE2C97001AC4BB /* Build configuration list for PBXNativeTarget "MilestoneProjects01-03UITests" */ = {
			isa = XCConfigurationList;
			buildConfigurations = (
				7A52F2CF28EE2C97001AC4BB /* Debug */,
				7A52F2D028EE2C97001AC4BB /* Release */,
			);
			defaultConfigurationIsVisible = 0;
			defaultConfigurationName = Release;
		};
/* End XCConfigurationList section */
	};
	rootObject = 7A52F29628EE2C94001AC4BB /* Project object */;
}
