// !$*UTF8*$!
{
	archiveVersion = 1;
	classes = {
	};
	objectVersion = 56;
	objects = {

/* Begin PBXBuildFile section */
		7A9D70322906A4A6001112BE /* AppDelegate.swift in Sources */ = {isa = PBXBuildFile; fileRef = 7A9D70312906A4A6001112BE /* AppDelegate.swift */; };
		7A9D70342906A4A6001112BE /* SceneDelegate.swift in Sources */ = {isa = PBXBuildFile; fileRef = 7A9D70332906A4A6001112BE /* SceneDelegate.swift */; };
		7A9D70362906A4A6001112BE /* ViewController.swift in Sources */ = {isa = PBXBuildFile; fileRef = 7A9D70352906A4A6001112BE /* ViewController.swift */; };
		7A9D70392906A4A6001112BE /* Main.storyboard in Resources */ = {isa = PBXBuildFile; fileRef = 7A9D70372906A4A6001112BE /* Main.storyboard */; };
		7A9D703B2906A4A8001112BE /* Assets.xcassets in Resources */ = {isa = PBXBuildFile; fileRef = 7A9D703A2906A4A8001112BE /* Assets.xcassets */; };
		7A9D703E2906A4A8001112BE /* LaunchScreen.storyboard in Resources */ = {isa = PBXBuildFile; fileRef = 7A9D703C2906A4A8001112BE /* LaunchScreen.storyboard */; };
		7A9D70492906A4A8001112BE /* MilestoneProjects07_09Tests.swift in Sources */ = {isa = PBXBuildFile; fileRef = 7A9D70482906A4A8001112BE /* MilestoneProjects07_09Tests.swift */; };
		7A9D70532906A4A8001112BE /* MilestoneProjects07_09UITests.swift in Sources */ = {isa = PBXBuildFile; fileRef = 7A9D70522906A4A8001112BE /* MilestoneProjects07_09UITests.swift */; };
		7A9D70552906A4A8001112BE /* MilestoneProjects07_09UITestsLaunchTests.swift in Sources */ = {isa = PBXBuildFile; fileRef = 7A9D70542906A4A8001112BE /* MilestoneProjects07_09UITestsLaunchTests.swift */; };
		7A9D70622906A5A2001112BE /* HangmanGame.swift in Sources */ = {isa = PBXBuildFile; fileRef = 7A9D70612906A5A2001112BE /* HangmanGame.swift */; };
		7A9D70642906A5BB001112BE /* HangmanGameTests.swift in Sources */ = {isa = PBXBuildFile; fileRef = 7A9D70632906A5BB001112BE /* HangmanGameTests.swift */; };
/* End PBXBuildFile section */

/* Begin PBXContainerItemProxy section */
		7A9D70452906A4A8001112BE /* PBXContainerItemProxy */ = {
			isa = PBXContainerItemProxy;
			containerPortal = 7A9D70262906A4A5001112BE /* Project object */;
			proxyType = 1;
			remoteGlobalIDString = 7A9D702D2906A4A6001112BE;
			remoteInfo = "MilestoneProjects07-09";
		};
		7A9D704F2906A4A8001112BE /* PBXContainerItemProxy */ = {
			isa = PBXContainerItemProxy;
			containerPortal = 7A9D70262906A4A5001112BE /* Project object */;
			proxyType = 1;
			remoteGlobalIDString = 7A9D702D2906A4A6001112BE;
			remoteInfo = "MilestoneProjects07-09";
		};
/* End PBXContainerItemProxy section */

/* Begin PBXFileReference section */
		7A9D702E2906A4A6001112BE /* MilestoneProjects07-09.app */ = {isa = PBXFileReference; explicitFileType = wrapper.application; includeInIndex = 0; path = "MilestoneProjects07-09.app"; sourceTree = BUILT_PRODUCTS_DIR; };
		7A9D70312906A4A6001112BE /* AppDelegate.swift */ = {isa = PBXFileReference; lastKnownFileType = sourcecode.swift; path = AppDelegate.swift; sourceTree = "<group>"; };
		7A9D70332906A4A6001112BE /* SceneDelegate.swift */ = {isa = PBXFileReference; lastKnownFileType = sourcecode.swift; path = SceneDelegate.swift; sourceTree = "<group>"; };
		7A9D70352906A4A6001112BE /* ViewController.swift */ = {isa = PBXFileReference; lastKnownFileType = sourcecode.swift; path = ViewController.swift; sourceTree = "<group>"; };
		7A9D70382906A4A6001112BE /* Base */ = {isa = PBXFileReference; lastKnownFileType = file.storyboard; name = Base; path = Base.lproj/Main.storyboard; sourceTree = "<group>"; };
		7A9D703A2906A4A8001112BE /* Assets.xcassets */ = {isa = PBXFileReference; lastKnownFileType = folder.assetcatalog; path = Assets.xcassets; sourceTree = "<group>"; };
		7A9D703D2906A4A8001112BE /* Base */ = {isa = PBXFileReference; lastKnownFileType = file.storyboard; name = Base; path = Base.lproj/LaunchScreen.storyboard; sourceTree = "<group>"; };
		7A9D703F2906A4A8001112BE /* Info.plist */ = {isa = PBXFileReference; lastKnownFileType = text.plist.xml; path = Info.plist; sourceTree = "<group>"; };
		7A9D70442906A4A8001112BE /* MilestoneProjects07-09Tests.xctest */ = {isa = PBXFileReference; explicitFileType = wrapper.cfbundle; includeInIndex = 0; path = "MilestoneProjects07-09Tests.xctest"; sourceTree = BUILT_PRODUCTS_DIR; };
		7A9D70482906A4A8001112BE /* MilestoneProjects07_09Tests.swift */ = {isa = PBXFileReference; lastKnownFileType = sourcecode.swift; path = MilestoneProjects07_09Tests.swift; sourceTree = "<group>"; };
		7A9D704E2906A4A8001112BE /* MilestoneProjects07-09UITests.xctest */ = {isa = PBXFileReference; explicitFileType = wrapper.cfbundle; includeInIndex = 0; path = "MilestoneProjects07-09UITests.xctest"; sourceTree = BUILT_PRODUCTS_DIR; };
		7A9D70522906A4A8001112BE /* MilestoneProjects07_09UITests.swift */ = {isa = PBXFileReference; lastKnownFileType = sourcecode.swift; path = MilestoneProjects07_09UITests.swift; sourceTree = "<group>"; };
		7A9D70542906A4A8001112BE /* MilestoneProjects07_09UITestsLaunchTests.swift */ = {isa = PBXFileReference; lastKnownFileType = sourcecode.swift; path = MilestoneProjects07_09UITestsLaunchTests.swift; sourceTree = "<group>"; };
		7A9D70612906A5A2001112BE /* HangmanGame.swift */ = {isa = PBXFileReference; lastKnownFileType = sourcecode.swift; path = HangmanGame.swift; sourceTree = "<group>"; };
		7A9D70632906A5BB001112BE /* HangmanGameTests.swift */ = {isa = PBXFileReference; lastKnownFileType = sourcecode.swift; path = HangmanGameTests.swift; sourceTree = "<group>"; };
/* End PBXFileReference section */

/* Begin PBXFrameworksBuildPhase section */
		7A9D702B2906A4A6001112BE /* Frameworks */ = {
			isa = PBXFrameworksBuildPhase;
			buildActionMask = 2147483647;
			files = (
			);
			runOnlyForDeploymentPostprocessing = 0;
		};
		7A9D70412906A4A8001112BE /* Frameworks */ = {
			isa = PBXFrameworksBuildPhase;
			buildActionMask = 2147483647;
			files = (
			);
			runOnlyForDeploymentPostprocessing = 0;
		};
		7A9D704B2906A4A8001112BE /* Frameworks */ = {
			isa = PBXFrameworksBuildPhase;
			buildActionMask = 2147483647;
			files = (
			);
			runOnlyForDeploymentPostprocessing = 0;
		};
/* End PBXFrameworksBuildPhase section */

/* Begin PBXGroup section */
		7A9D70252906A4A5001112BE = {
			isa = PBXGroup;
			children = (
				7A9D70302906A4A6001112BE /* MilestoneProjects07-09 */,
				7A9D70472906A4A8001112BE /* MilestoneProjects07-09Tests */,
				7A9D70512906A4A8001112BE /* MilestoneProjects07-09UITests */,
				7A9D702F2906A4A6001112BE /* Products */,
			);
			sourceTree = "<group>";
		};
		7A9D702F2906A4A6001112BE /* Products */ = {
			isa = PBXGroup;
			children = (
				7A9D702E2906A4A6001112BE /* MilestoneProjects07-09.app */,
				7A9D70442906A4A8001112BE /* MilestoneProjects07-09Tests.xctest */,
				7A9D704E2906A4A8001112BE /* MilestoneProjects07-09UITests.xctest */,
			);
			name = Products;
			sourceTree = "<group>";
		};
		7A9D70302906A4A6001112BE /* MilestoneProjects07-09 */ = {
			isa = PBXGroup;
			children = (
				7A9D70312906A4A6001112BE /* AppDelegate.swift */,
				7A9D70332906A4A6001112BE /* SceneDelegate.swift */,
				7A9D70352906A4A6001112BE /* ViewController.swift */,
				7A9D70372906A4A6001112BE /* Main.storyboard */,
				7A9D703A2906A4A8001112BE /* Assets.xcassets */,
				7A9D703C2906A4A8001112BE /* LaunchScreen.storyboard */,
				7A9D703F2906A4A8001112BE /* Info.plist */,
				7A9D70612906A5A2001112BE /* HangmanGame.swift */,
			);
			path = "MilestoneProjects07-09";
			sourceTree = "<group>";
		};
		7A9D70472906A4A8001112BE /* MilestoneProjects07-09Tests */ = {
			isa = PBXGroup;
			children = (
				7A9D70482906A4A8001112BE /* MilestoneProjects07_09Tests.swift */,
				7A9D70632906A5BB001112BE /* HangmanGameTests.swift */,
			);
			path = "MilestoneProjects07-09Tests";
			sourceTree = "<group>";
		};
		7A9D70512906A4A8001112BE /* MilestoneProjects07-09UITests */ = {
			isa = PBXGroup;
			children = (
				7A9D70522906A4A8001112BE /* MilestoneProjects07_09UITests.swift */,
				7A9D70542906A4A8001112BE /* MilestoneProjects07_09UITestsLaunchTests.swift */,
			);
			path = "MilestoneProjects07-09UITests";
			sourceTree = "<group>";
		};
/* End PBXGroup section */

/* Begin PBXNativeTarget section */
		7A9D702D2906A4A6001112BE /* MilestoneProjects07-09 */ = {
			isa = PBXNativeTarget;
			buildConfigurationList = 7A9D70582906A4A8001112BE /* Build configuration list for PBXNativeTarget "MilestoneProjects07-09" */;
			buildPhases = (
				7A9D702A2906A4A6001112BE /* Sources */,
				7A9D702B2906A4A6001112BE /* Frameworks */,
				7A9D702C2906A4A6001112BE /* Resources */,
			);
			buildRules = (
			);
			dependencies = (
			);
			name = "MilestoneProjects07-09";
			productName = "MilestoneProjects07-09";
			productReference = 7A9D702E2906A4A6001112BE /* MilestoneProjects07-09.app */;
			productType = "com.apple.product-type.application";
		};
		7A9D70432906A4A8001112BE /* MilestoneProjects07-09Tests */ = {
			isa = PBXNativeTarget;
			buildConfigurationList = 7A9D705B2906A4A8001112BE /* Build configuration list for PBXNativeTarget "MilestoneProjects07-09Tests" */;
			buildPhases = (
				7A9D70402906A4A8001112BE /* Sources */,
				7A9D70412906A4A8001112BE /* Frameworks */,
				7A9D70422906A4A8001112BE /* Resources */,
			);
			buildRules = (
			);
			dependencies = (
				7A9D70462906A4A8001112BE /* PBXTargetDependency */,
			);
			name = "MilestoneProjects07-09Tests";
			productName = "MilestoneProjects07-09Tests";
			productReference = 7A9D70442906A4A8001112BE /* MilestoneProjects07-09Tests.xctest */;
			productType = "com.apple.product-type.bundle.unit-test";
		};
		7A9D704D2906A4A8001112BE /* MilestoneProjects07-09UITests */ = {
			isa = PBXNativeTarget;
			buildConfigurationList = 7A9D705E2906A4A8001112BE /* Build configuration list for PBXNativeTarget "MilestoneProjects07-09UITests" */;
			buildPhases = (
				7A9D704A2906A4A8001112BE /* Sources */,
				7A9D704B2906A4A8001112BE /* Frameworks */,
				7A9D704C2906A4A8001112BE /* Resources */,
			);
			buildRules = (
			);
			dependencies = (
				7A9D70502906A4A8001112BE /* PBXTargetDependency */,
			);
			name = "MilestoneProjects07-09UITests";
			productName = "MilestoneProjects07-09UITests";
			productReference = 7A9D704E2906A4A8001112BE /* MilestoneProjects07-09UITests.xctest */;
			productType = "com.apple.product-type.bundle.ui-testing";
		};
/* End PBXNativeTarget section */

/* Begin PBXProject section */
		7A9D70262906A4A5001112BE /* Project object */ = {
			isa = PBXProject;
			attributes = {
				BuildIndependentTargetsInParallel = 1;
				LastSwiftUpdateCheck = 1400;
				LastUpgradeCheck = 1400;
				TargetAttributes = {
					7A9D702D2906A4A6001112BE = {
						CreatedOnToolsVersion = 14.0.1;
					};
					7A9D70432906A4A8001112BE = {
						CreatedOnToolsVersion = 14.0.1;
						TestTargetID = 7A9D702D2906A4A6001112BE;
					};
					7A9D704D2906A4A8001112BE = {
						CreatedOnToolsVersion = 14.0.1;
						TestTargetID = 7A9D702D2906A4A6001112BE;
					};
				};
			};
			buildConfigurationList = 7A9D70292906A4A5001112BE /* Build configuration list for PBXProject "MilestoneProjects07-09" */;
			compatibilityVersion = "Xcode 14.0";
			developmentRegion = en;
			hasScannedForEncodings = 0;
			knownRegions = (
				en,
				Base,
			);
			mainGroup = 7A9D70252906A4A5001112BE;
			productRefGroup = 7A9D702F2906A4A6001112BE /* Products */;
			projectDirPath = "";
			projectRoot = "";
			targets = (
				7A9D702D2906A4A6001112BE /* MilestoneProjects07-09 */,
				7A9D70432906A4A8001112BE /* MilestoneProjects07-09Tests */,
				7A9D704D2906A4A8001112BE /* MilestoneProjects07-09UITests */,
			);
		};
/* End PBXProject section */

/* Begin PBXResourcesBuildPhase section */
		7A9D702C2906A4A6001112BE /* Resources */ = {
			isa = PBXResourcesBuildPhase;
			buildActionMask = 2147483647;
			files = (
				7A9D703E2906A4A8001112BE /* LaunchScreen.storyboard in Resources */,
				7A9D703B2906A4A8001112BE /* Assets.xcassets in Resources */,
				7A9D70392906A4A6001112BE /* Main.storyboard in Resources */,
			);
			runOnlyForDeploymentPostprocessing = 0;
		};
		7A9D70422906A4A8001112BE /* Resources */ = {
			isa = PBXResourcesBuildPhase;
			buildActionMask = 2147483647;
			files = (
			);
			runOnlyForDeploymentPostprocessing = 0;
		};
		7A9D704C2906A4A8001112BE /* Resources */ = {
			isa = PBXResourcesBuildPhase;
			buildActionMask = 2147483647;
			files = (
			);
			runOnlyForDeploymentPostprocessing = 0;
		};
/* End PBXResourcesBuildPhase section */

/* Begin PBXSourcesBuildPhase section */
		7A9D702A2906A4A6001112BE /* Sources */ = {
			isa = PBXSourcesBuildPhase;
			buildActionMask = 2147483647;
			files = (
				7A9D70622906A5A2001112BE /* HangmanGame.swift in Sources */,
				7A9D70362906A4A6001112BE /* ViewController.swift in Sources */,
				7A9D70322906A4A6001112BE /* AppDelegate.swift in Sources */,
				7A9D70342906A4A6001112BE /* SceneDelegate.swift in Sources */,
			);
			runOnlyForDeploymentPostprocessing = 0;
		};
		7A9D70402906A4A8001112BE /* Sources */ = {
			isa = PBXSourcesBuildPhase;
			buildActionMask = 2147483647;
			files = (
				7A9D70642906A5BB001112BE /* HangmanGameTests.swift in Sources */,
				7A9D70492906A4A8001112BE /* MilestoneProjects07_09Tests.swift in Sources */,
			);
			runOnlyForDeploymentPostprocessing = 0;
		};
		7A9D704A2906A4A8001112BE /* Sources */ = {
			isa = PBXSourcesBuildPhase;
			buildActionMask = 2147483647;
			files = (
				7A9D70532906A4A8001112BE /* MilestoneProjects07_09UITests.swift in Sources */,
				7A9D70552906A4A8001112BE /* MilestoneProjects07_09UITestsLaunchTests.swift in Sources */,
			);
			runOnlyForDeploymentPostprocessing = 0;
		};
/* End PBXSourcesBuildPhase section */

/* Begin PBXTargetDependency section */
		7A9D70462906A4A8001112BE /* PBXTargetDependency */ = {
			isa = PBXTargetDependency;
			target = 7A9D702D2906A4A6001112BE /* MilestoneProjects07-09 */;
			targetProxy = 7A9D70452906A4A8001112BE /* PBXContainerItemProxy */;
		};
		7A9D70502906A4A8001112BE /* PBXTargetDependency */ = {
			isa = PBXTargetDependency;
			target = 7A9D702D2906A4A6001112BE /* MilestoneProjects07-09 */;
			targetProxy = 7A9D704F2906A4A8001112BE /* PBXContainerItemProxy */;
		};
/* End PBXTargetDependency section */

/* Begin PBXVariantGroup section */
		7A9D70372906A4A6001112BE /* Main.storyboard */ = {
			isa = PBXVariantGroup;
			children = (
				7A9D70382906A4A6001112BE /* Base */,
			);
			name = Main.storyboard;
			sourceTree = "<group>";
		};
		7A9D703C2906A4A8001112BE /* LaunchScreen.storyboard */ = {
			isa = PBXVariantGroup;
			children = (
				7A9D703D2906A4A8001112BE /* Base */,
			);
			name = LaunchScreen.storyboard;
			sourceTree = "<group>";
		};
/* End PBXVariantGroup section */

/* Begin XCBuildConfiguration section */
		7A9D70562906A4A8001112BE /* Debug */ = {
			isa = XCBuildConfiguration;
			buildSettings = {
				ALWAYS_SEARCH_USER_PATHS = NO;
				CLANG_ANALYZER_NONNULL = YES;
				CLANG_ANALYZER_NUMBER_OBJECT_CONVERSION = YES_AGGRESSIVE;
				CLANG_CXX_LANGUAGE_STANDARD = "gnu++20";
				CLANG_ENABLE_MODULES = YES;
				CLANG_ENABLE_OBJC_ARC = YES;
				CLANG_ENABLE_OBJC_WEAK = YES;
				CLANG_WARN_BLOCK_CAPTURE_AUTORELEASING = YES;
				CLANG_WARN_BOOL_CONVERSION = YES;
				CLANG_WARN_COMMA = YES;
				CLANG_WARN_CONSTANT_CONVERSION = YES;
				CLANG_WARN_DEPRECATED_OBJC_IMPLEMENTATIONS = YES;
				CLANG_WARN_DIRECT_OBJC_ISA_USAGE = YES_ERROR;
				CLANG_WARN_DOCUMENTATION_COMMENTS = YES;
				CLANG_WARN_EMPTY_BODY = YES;
				CLANG_WARN_ENUM_CONVERSION = YES;
				CLANG_WARN_INFINITE_RECURSION = YES;
				CLANG_WARN_INT_CONVERSION = YES;
				CLANG_WARN_NON_LITERAL_NULL_CONVERSION = YES;
				CLANG_WARN_OBJC_IMPLICIT_RETAIN_SELF = YES;
				CLANG_WARN_OBJC_LITERAL_CONVERSION = YES;
				CLANG_WARN_OBJC_ROOT_CLASS = YES_ERROR;
				CLANG_WARN_QUOTED_INCLUDE_IN_FRAMEWORK_HEADER = YES;
				CLANG_WARN_RANGE_LOOP_ANALYSIS = YES;
				CLANG_WARN_STRICT_PROTOTYPES = YES;
				CLANG_WARN_SUSPICIOUS_MOVE = YES;
				CLANG_WARN_UNGUARDED_AVAILABILITY = YES_AGGRESSIVE;
				CLANG_WARN_UNREACHABLE_CODE = YES;
				CLANG_WARN__DUPLICATE_METHOD_MATCH = YES;
				COPY_PHASE_STRIP = NO;
				DEBUG_INFORMATION_FORMAT = dwarf;
				ENABLE_STRICT_OBJC_MSGSEND = YES;
				ENABLE_TESTABILITY = YES;
				GCC_C_LANGUAGE_STANDARD = gnu11;
				GCC_DYNAMIC_NO_PIC = NO;
				GCC_NO_COMMON_BLOCKS = YES;
				GCC_OPTIMIZATION_LEVEL = 0;
				GCC_PREPROCESSOR_DEFINITIONS = (
					"DEBUG=1",
					"$(inherited)",
				);
				GCC_WARN_64_TO_32_BIT_CONVERSION = YES;
				GCC_WARN_ABOUT_RETURN_TYPE = YES_ERROR;
				GCC_WARN_UNDECLARED_SELECTOR = YES;
				GCC_WARN_UNINITIALIZED_AUTOS = YES_AGGRESSIVE;
				GCC_WARN_UNUSED_FUNCTION = YES;
				GCC_WARN_UNUSED_VARIABLE = YES;
				IPHONEOS_DEPLOYMENT_TARGET = 16.0;
				MTL_ENABLE_DEBUG_INFO = INCLUDE_SOURCE;
				MTL_FAST_MATH = YES;
				ONLY_ACTIVE_ARCH = YES;
				SDKROOT = iphoneos;
				SWIFT_ACTIVE_COMPILATION_CONDITIONS = DEBUG;
				SWIFT_OPTIMIZATION_LEVEL = "-Onone";
			};
			name = Debug;
		};
		7A9D70572906A4A8001112BE /* Release */ = {
			isa = XCBuildConfiguration;
			buildSettings = {
				ALWAYS_SEARCH_USER_PATHS = NO;
				CLANG_ANALYZER_NONNULL = YES;
				CLANG_ANALYZER_NUMBER_OBJECT_CONVERSION = YES_AGGRESSIVE;
				CLANG_CXX_LANGUAGE_STANDARD = "gnu++20";
				CLANG_ENABLE_MODULES = YES;
				CLANG_ENABLE_OBJC_ARC = YES;
				CLANG_ENABLE_OBJC_WEAK = YES;
				CLANG_WARN_BLOCK_CAPTURE_AUTORELEASING = YES;
				CLANG_WARN_BOOL_CONVERSION = YES;
				CLANG_WARN_COMMA = YES;
				CLANG_WARN_CONSTANT_CONVERSION = YES;
				CLANG_WARN_DEPRECATED_OBJC_IMPLEMENTATIONS = YES;
				CLANG_WARN_DIRECT_OBJC_ISA_USAGE = YES_ERROR;
				CLANG_WARN_DOCUMENTATION_COMMENTS = YES;
				CLANG_WARN_EMPTY_BODY = YES;
				CLANG_WARN_ENUM_CONVERSION = YES;
				CLANG_WARN_INFINITE_RECURSION = YES;
				CLANG_WARN_INT_CONVERSION = YES;
				CLANG_WARN_NON_LITERAL_NULL_CONVERSION = YES;
				CLANG_WARN_OBJC_IMPLICIT_RETAIN_SELF = YES;
				CLANG_WARN_OBJC_LITERAL_CONVERSION = YES;
				CLANG_WARN_OBJC_ROOT_CLASS = YES_ERROR;
				CLANG_WARN_QUOTED_INCLUDE_IN_FRAMEWORK_HEADER = YES;
				CLANG_WARN_RANGE_LOOP_ANALYSIS = YES;
				CLANG_WARN_STRICT_PROTOTYPES = YES;
				CLANG_WARN_SUSPICIOUS_MOVE = YES;
				CLANG_WARN_UNGUARDED_AVAILABILITY = YES_AGGRESSIVE;
				CLANG_WARN_UNREACHABLE_CODE = YES;
				CLANG_WARN__DUPLICATE_METHOD_MATCH = YES;
				COPY_PHASE_STRIP = NO;
				DEBUG_INFORMATION_FORMAT = "dwarf-with-dsym";
				ENABLE_NS_ASSERTIONS = NO;
				ENABLE_STRICT_OBJC_MSGSEND = YES;
				GCC_C_LANGUAGE_STANDARD = gnu11;
				GCC_NO_COMMON_BLOCKS = YES;
				GCC_WARN_64_TO_32_BIT_CONVERSION = YES;
				GCC_WARN_ABOUT_RETURN_TYPE = YES_ERROR;
				GCC_WARN_UNDECLARED_SELECTOR = YES;
				GCC_WARN_UNINITIALIZED_AUTOS = YES_AGGRESSIVE;
				GCC_WARN_UNUSED_FUNCTION = YES;
				GCC_WARN_UNUSED_VARIABLE = YES;
				IPHONEOS_DEPLOYMENT_TARGET = 16.0;
				MTL_ENABLE_DEBUG_INFO = NO;
				MTL_FAST_MATH = YES;
				SDKROOT = iphoneos;
				SWIFT_COMPILATION_MODE = wholemodule;
				SWIFT_OPTIMIZATION_LEVEL = "-O";
				VALIDATE_PRODUCT = YES;
			};
			name = Release;
		};
		7A9D70592906A4A8001112BE /* Debug */ = {
			isa = XCBuildConfiguration;
			buildSettings = {
				ASSETCATALOG_COMPILER_APPICON_NAME = AppIcon;
				ASSETCATALOG_COMPILER_GLOBAL_ACCENT_COLOR_NAME = AccentColor;
				CODE_SIGN_STYLE = Automatic;
				CURRENT_PROJECT_VERSION = 1;
				GENERATE_INFOPLIST_FILE = YES;
				INFOPLIST_FILE = "MilestoneProjects07-09/Info.plist";
				INFOPLIST_KEY_UIApplicationSupportsIndirectInputEvents = YES;
				INFOPLIST_KEY_UILaunchStoryboardName = LaunchScreen;
				INFOPLIST_KEY_UIMainStoryboardFile = Main;
				INFOPLIST_KEY_UISupportedInterfaceOrientations_iPad = "UIInterfaceOrientationPortrait UIInterfaceOrientationPortraitUpsideDown UIInterfaceOrientationLandscapeLeft UIInterfaceOrientationLandscapeRight";
				INFOPLIST_KEY_UISupportedInterfaceOrientations_iPhone = "UIInterfaceOrientationPortrait UIInterfaceOrientationLandscapeLeft UIInterfaceOrientationLandscapeRight";
				LD_RUNPATH_SEARCH_PATHS = (
					"$(inherited)",
					"@executable_path/Frameworks",
				);
				MARKETING_VERSION = 1.0;
				PRODUCT_BUNDLE_IDENTIFIER = "dev.ionixjunior.MilestoneProjects07-09";
				PRODUCT_NAME = "$(TARGET_NAME)";
				SWIFT_EMIT_LOC_STRINGS = YES;
				SWIFT_VERSION = 5.0;
				TARGETED_DEVICE_FAMILY = "1,2";
			};
			name = Debug;
		};
		7A9D705A2906A4A8001112BE /* Release */ = {
			isa = XCBuildConfiguration;
			buildSettings = {
				ASSETCATALOG_COMPILER_APPICON_NAME = AppIcon;
				ASSETCATALOG_COMPILER_GLOBAL_ACCENT_COLOR_NAME = AccentColor;
				CODE_SIGN_STYLE = Automatic;
				CURRENT_PROJECT_VERSION = 1;
				GENERATE_INFOPLIST_FILE = YES;
				INFOPLIST_FILE = "MilestoneProjects07-09/Info.plist";
				INFOPLIST_KEY_UIApplicationSupportsIndirectInputEvents = YES;
				INFOPLIST_KEY_UILaunchStoryboardName = LaunchScreen;
				INFOPLIST_KEY_UIMainStoryboardFile = Main;
				INFOPLIST_KEY_UISupportedInterfaceOrientations_iPad = "UIInterfaceOrientationPortrait UIInterfaceOrientationPortraitUpsideDown UIInterfaceOrientationLandscapeLeft UIInterfaceOrientationLandscapeRight";
				INFOPLIST_KEY_UISupportedInterfaceOrientations_iPhone = "UIInterfaceOrientationPortrait UIInterfaceOrientationLandscapeLeft UIInterfaceOrientationLandscapeRight";
				LD_RUNPATH_SEARCH_PATHS = (
					"$(inherited)",
					"@executable_path/Frameworks",
				);
				MARKETING_VERSION = 1.0;
				PRODUCT_BUNDLE_IDENTIFIER = "dev.ionixjunior.MilestoneProjects07-09";
				PRODUCT_NAME = "$(TARGET_NAME)";
				SWIFT_EMIT_LOC_STRINGS = YES;
				SWIFT_VERSION = 5.0;
				TARGETED_DEVICE_FAMILY = "1,2";
			};
			name = Release;
		};
		7A9D705C2906A4A8001112BE /* Debug */ = {
			isa = XCBuildConfiguration;
			buildSettings = {
				ALWAYS_EMBED_SWIFT_STANDARD_LIBRARIES = YES;
				BUNDLE_LOADER = "$(TEST_HOST)";
				CODE_SIGN_STYLE = Automatic;
				CURRENT_PROJECT_VERSION = 1;
				GENERATE_INFOPLIST_FILE = YES;
				IPHONEOS_DEPLOYMENT_TARGET = 16.0;
				MARKETING_VERSION = 1.0;
				PRODUCT_BUNDLE_IDENTIFIER = "dev.ionixjunior.MilestoneProjects07-09Tests";
				PRODUCT_NAME = "$(TARGET_NAME)";
				SWIFT_EMIT_LOC_STRINGS = NO;
				SWIFT_VERSION = 5.0;
				TARGETED_DEVICE_FAMILY = "1,2";
				TEST_HOST = "$(BUILT_PRODUCTS_DIR)/MilestoneProjects07-09.app/$(BUNDLE_EXECUTABLE_FOLDER_PATH)/MilestoneProjects07-09";
			};
			name = Debug;
		};
		7A9D705D2906A4A8001112BE /* Release */ = {
			isa = XCBuildConfiguration;
			buildSettings = {
				ALWAYS_EMBED_SWIFT_STANDARD_LIBRARIES = YES;
				BUNDLE_LOADER = "$(TEST_HOST)";
				CODE_SIGN_STYLE = Automatic;
				CURRENT_PROJECT_VERSION = 1;
				GENERATE_INFOPLIST_FILE = YES;
				IPHONEOS_DEPLOYMENT_TARGET = 16.0;
				MARKETING_VERSION = 1.0;
				PRODUCT_BUNDLE_IDENTIFIER = "dev.ionixjunior.MilestoneProjects07-09Tests";
				PRODUCT_NAME = "$(TARGET_NAME)";
				SWIFT_EMIT_LOC_STRINGS = NO;
				SWIFT_VERSION = 5.0;
				TARGETED_DEVICE_FAMILY = "1,2";
				TEST_HOST = "$(BUILT_PRODUCTS_DIR)/MilestoneProjects07-09.app/$(BUNDLE_EXECUTABLE_FOLDER_PATH)/MilestoneProjects07-09";
			};
			name = Release;
		};
		7A9D705F2906A4A8001112BE /* Debug */ = {
			isa = XCBuildConfiguration;
			buildSettings = {
				ALWAYS_EMBED_SWIFT_STANDARD_LIBRARIES = YES;
				CODE_SIGN_STYLE = Automatic;
				CURRENT_PROJECT_VERSION = 1;
				GENERATE_INFOPLIST_FILE = YES;
				MARKETING_VERSION = 1.0;
				PRODUCT_BUNDLE_IDENTIFIER = "dev.ionixjunior.MilestoneProjects07-09UITests";
				PRODUCT_NAME = "$(TARGET_NAME)";
				SWIFT_EMIT_LOC_STRINGS = NO;
				SWIFT_VERSION = 5.0;
				TARGETED_DEVICE_FAMILY = "1,2";
				TEST_TARGET_NAME = "MilestoneProjects07-09";
			};
			name = Debug;
		};
		7A9D70602906A4A8001112BE /* Release */ = {
			isa = XCBuildConfiguration;
			buildSettings = {
				ALWAYS_EMBED_SWIFT_STANDARD_LIBRARIES = YES;
				CODE_SIGN_STYLE = Automatic;
				CURRENT_PROJECT_VERSION = 1;
				GENERATE_INFOPLIST_FILE = YES;
				MARKETING_VERSION = 1.0;
				PRODUCT_BUNDLE_IDENTIFIER = "dev.ionixjunior.MilestoneProjects07-09UITests";
				PRODUCT_NAME = "$(TARGET_NAME)";
				SWIFT_EMIT_LOC_STRINGS = NO;
				SWIFT_VERSION = 5.0;
				TARGETED_DEVICE_FAMILY = "1,2";
				TEST_TARGET_NAME = "MilestoneProjects07-09";
			};
			name = Release;
		};
/* End XCBuildConfiguration section */

/* Begin XCConfigurationList section */
		7A9D70292906A4A5001112BE /* Build configuration list for PBXProject "MilestoneProjects07-09" */ = {
			isa = XCConfigurationList;
			buildConfigurations = (
				7A9D70562906A4A8001112BE /* Debug */,
				7A9D70572906A4A8001112BE /* Release */,
			);
			defaultConfigurationIsVisible = 0;
			defaultConfigurationName = Release;
		};
		7A9D70582906A4A8001112BE /* Build configuration list for PBXNativeTarget "MilestoneProjects07-09" */ = {
			isa = XCConfigurationList;
			buildConfigurations = (
				7A9D70592906A4A8001112BE /* Debug */,
				7A9D705A2906A4A8001112BE /* Release */,
			);
			defaultConfigurationIsVisible = 0;
			defaultConfigurationName = Release;
		};
		7A9D705B2906A4A8001112BE /* Build configuration list for PBXNativeTarget "MilestoneProjects07-09Tests" */ = {
			isa = XCConfigurationList;
			buildConfigurations = (
				7A9D705C2906A4A8001112BE /* Debug */,
				7A9D705D2906A4A8001112BE /* Release */,
			);
			defaultConfigurationIsVisible = 0;
			defaultConfigurationName = Release;
		};
		7A9D705E2906A4A8001112BE /* Build configuration list for PBXNativeTarget "MilestoneProjects07-09UITests" */ = {
			isa = XCConfigurationList;
			buildConfigurations = (
				7A9D705F2906A4A8001112BE /* Debug */,
				7A9D70602906A4A8001112BE /* Release */,
			);
			defaultConfigurationIsVisible = 0;
			defaultConfigurationName = Release;
		};
/* End XCConfigurationList section */
	};
	rootObject = 7A9D70262906A4A5001112BE /* Project object */;
}
