// !$*UTF8*$!
{
	archiveVersion = 1;
	classes = {
	};
	objectVersion = 56;
	objects = {

/* Begin PBXBuildFile section */
		7AC2736C291E56CC00C40210 /* AppDelegate.swift in Sources */ = {isa = PBXBuildFile; fileRef = 7AC2736B291E56CC00C40210 /* AppDelegate.swift */; };
		7AC2736E291E56CC00C40210 /* SceneDelegate.swift in Sources */ = {isa = PBXBuildFile; fileRef = 7AC2736D291E56CC00C40210 /* SceneDelegate.swift */; };
		7AC27370291E56CC00C40210 /* ViewController.swift in Sources */ = {isa = PBXBuildFile; fileRef = 7AC2736F291E56CC00C40210 /* ViewController.swift */; };
		7AC27373291E56CC00C40210 /* Main.storyboard in Resources */ = {isa = PBXBuildFile; fileRef = 7AC27371291E56CC00C40210 /* Main.storyboard */; };
		7AC27375291E56CC00C40210 /* Assets.xcassets in Resources */ = {isa = PBXBuildFile; fileRef = 7AC27374291E56CC00C40210 /* Assets.xcassets */; };
		7AC27378291E56CC00C40210 /* LaunchScreen.storyboard in Resources */ = {isa = PBXBuildFile; fileRef = 7AC27376291E56CC00C40210 /* LaunchScreen.storyboard */; };
		7AC27380291E5C1E00C40210 /* countries.json in Resources */ = {isa = PBXBuildFile; fileRef = 7AC2737F291E5C1E00C40210 /* countries.json */; };
		7AC27382291E5D9A00C40210 /* Country.swift in Sources */ = {isa = PBXBuildFile; fileRef = 7AC27381291E5D9A00C40210 /* Country.swift */; };
		7AC27384291E5DBC00C40210 /* Fact.swift in Sources */ = {isa = PBXBuildFile; fileRef = 7AC27383291E5DBC00C40210 /* Fact.swift */; };
		7AC27386291E5E0B00C40210 /* OfficialLanguage.swift in Sources */ = {isa = PBXBuildFile; fileRef = 7AC27385291E5E0B00C40210 /* OfficialLanguage.swift */; };
/* End PBXBuildFile section */

/* Begin PBXFileReference section */
		7AC27368291E56CC00C40210 /* MilestoneProjects13-15.app */ = {isa = PBXFileReference; explicitFileType = wrapper.application; includeInIndex = 0; path = "MilestoneProjects13-15.app"; sourceTree = BUILT_PRODUCTS_DIR; };
		7AC2736B291E56CC00C40210 /* AppDelegate.swift */ = {isa = PBXFileReference; lastKnownFileType = sourcecode.swift; path = AppDelegate.swift; sourceTree = "<group>"; };
		7AC2736D291E56CC00C40210 /* SceneDelegate.swift */ = {isa = PBXFileReference; lastKnownFileType = sourcecode.swift; path = SceneDelegate.swift; sourceTree = "<group>"; };
		7AC2736F291E56CC00C40210 /* ViewController.swift */ = {isa = PBXFileReference; lastKnownFileType = sourcecode.swift; path = ViewController.swift; sourceTree = "<group>"; };
		7AC27372291E56CC00C40210 /* Base */ = {isa = PBXFileReference; lastKnownFileType = file.storyboard; name = Base; path = Base.lproj/Main.storyboard; sourceTree = "<group>"; };
		7AC27374291E56CC00C40210 /* Assets.xcassets */ = {isa = PBXFileReference; lastKnownFileType = folder.assetcatalog; path = Assets.xcassets; sourceTree = "<group>"; };
		7AC27377291E56CC00C40210 /* Base */ = {isa = PBXFileReference; lastKnownFileType = file.storyboard; name = Base; path = Base.lproj/LaunchScreen.storyboard; sourceTree = "<group>"; };
		7AC27379291E56CC00C40210 /* Info.plist */ = {isa = PBXFileReference; lastKnownFileType = text.plist.xml; path = Info.plist; sourceTree = "<group>"; };
		7AC2737F291E5C1E00C40210 /* countries.json */ = {isa = PBXFileReference; fileEncoding = 4; lastKnownFileType = text.json; path = countries.json; sourceTree = "<group>"; };
		7AC27381291E5D9A00C40210 /* Country.swift */ = {isa = PBXFileReference; lastKnownFileType = sourcecode.swift; path = Country.swift; sourceTree = "<group>"; };
		7AC27383291E5DBC00C40210 /* Fact.swift */ = {isa = PBXFileReference; lastKnownFileType = sourcecode.swift; path = Fact.swift; sourceTree = "<group>"; };
		7AC27385291E5E0B00C40210 /* OfficialLanguage.swift */ = {isa = PBXFileReference; lastKnownFileType = sourcecode.swift; path = OfficialLanguage.swift; sourceTree = "<group>"; };
/* End PBXFileReference section */

/* Begin PBXFrameworksBuildPhase section */
		7AC27365291E56CC00C40210 /* Frameworks */ = {
			isa = PBXFrameworksBuildPhase;
			buildActionMask = 2147483647;
			files = (
			);
			runOnlyForDeploymentPostprocessing = 0;
		};
/* End PBXFrameworksBuildPhase section */

/* Begin PBXGroup section */
		7AC2735F291E56CC00C40210 = {
			isa = PBXGroup;
			children = (
				7AC2736A291E56CC00C40210 /* MilestoneProjects13-15 */,
				7AC27369291E56CC00C40210 /* Products */,
			);
			sourceTree = "<group>";
		};
		7AC27369291E56CC00C40210 /* Products */ = {
			isa = PBXGroup;
			children = (
				7AC27368291E56CC00C40210 /* MilestoneProjects13-15.app */,
			);
			name = Products;
			sourceTree = "<group>";
		};
		7AC2736A291E56CC00C40210 /* MilestoneProjects13-15 */ = {
			isa = PBXGroup;
			children = (
				7AC2736B291E56CC00C40210 /* AppDelegate.swift */,
				7AC2736D291E56CC00C40210 /* SceneDelegate.swift */,
				7AC2736F291E56CC00C40210 /* ViewController.swift */,
				7AC27371291E56CC00C40210 /* Main.storyboard */,
				7AC27374291E56CC00C40210 /* Assets.xcassets */,
				7AC27376291E56CC00C40210 /* LaunchScreen.storyboard */,
				7AC27379291E56CC00C40210 /* Info.plist */,
				7AC2737F291E5C1E00C40210 /* countries.json */,
				7AC27381291E5D9A00C40210 /* Country.swift */,
				7AC27383291E5DBC00C40210 /* Fact.swift */,
				7AC27385291E5E0B00C40210 /* OfficialLanguage.swift */,
			);
			path = "MilestoneProjects13-15";
			sourceTree = "<group>";
		};
/* End PBXGroup section */

/* Begin PBXNativeTarget section */
		7AC27367291E56CC00C40210 /* MilestoneProjects13-15 */ = {
			isa = PBXNativeTarget;
			buildConfigurationList = 7AC2737C291E56CC00C40210 /* Build configuration list for PBXNativeTarget "MilestoneProjects13-15" */;
			buildPhases = (
				7AC27364291E56CC00C40210 /* Sources */,
				7AC27365291E56CC00C40210 /* Frameworks */,
				7AC27366291E56CC00C40210 /* Resources */,
			);
			buildRules = (
			);
			dependencies = (
			);
			name = "MilestoneProjects13-15";
			productName = "MilestoneProjects13-15";
			productReference = 7AC27368291E56CC00C40210 /* MilestoneProjects13-15.app */;
			productType = "com.apple.product-type.application";
		};
/* End PBXNativeTarget section */

/* Begin PBXProject section */
		7AC27360291E56CC00C40210 /* Project object */ = {
			isa = PBXProject;
			attributes = {
				BuildIndependentTargetsInParallel = 1;
				LastSwiftUpdateCheck = 1400;
				LastUpgradeCheck = 1400;
				TargetAttributes = {
					7AC27367291E56CC00C40210 = {
						CreatedOnToolsVersion = 14.0.1;
					};
				};
			};
			buildConfigurationList = 7AC27363291E56CC00C40210 /* Build configuration list for PBXProject "MilestoneProjects13-15" */;
			compatibilityVersion = "Xcode 14.0";
			developmentRegion = en;
			hasScannedForEncodings = 0;
			knownRegions = (
				en,
				Base,
			);
			mainGroup = 7AC2735F291E56CC00C40210;
			productRefGroup = 7AC27369291E56CC00C40210 /* Products */;
			projectDirPath = "";
			projectRoot = "";
			targets = (
				7AC27367291E56CC00C40210 /* MilestoneProjects13-15 */,
			);
		};
/* End PBXProject section */

/* Begin PBXResourcesBuildPhase section */
		7AC27366291E56CC00C40210 /* Resources */ = {
			isa = PBXResourcesBuildPhase;
			buildActionMask = 2147483647;
			files = (
				7AC27378291E56CC00C40210 /* LaunchScreen.storyboard in Resources */,
				7AC27375291E56CC00C40210 /* Assets.xcassets in Resources */,
				7AC27380291E5C1E00C40210 /* countries.json in Resources */,
				7AC27373291E56CC00C40210 /* Main.storyboard in Resources */,
			);
			runOnlyForDeploymentPostprocessing = 0;
		};
/* End PBXResourcesBuildPhase section */

/* Begin PBXSourcesBuildPhase section */
		7AC27364291E56CC00C40210 /* Sources */ = {
			isa = PBXSourcesBuildPhase;
			buildActionMask = 2147483647;
			files = (
				7AC27382291E5D9A00C40210 /* Country.swift in Sources */,
				7AC27370291E56CC00C40210 /* ViewController.swift in Sources */,
				7AC27386291E5E0B00C40210 /* OfficialLanguage.swift in Sources */,
				7AC27384291E5DBC00C40210 /* Fact.swift in Sources */,
				7AC2736C291E56CC00C40210 /* AppDelegate.swift in Sources */,
				7AC2736E291E56CC00C40210 /* SceneDelegate.swift in Sources */,
			);
			runOnlyForDeploymentPostprocessing = 0;
		};
/* End PBXSourcesBuildPhase section */

/* Begin PBXVariantGroup section */
		7AC27371291E56CC00C40210 /* Main.storyboard */ = {
			isa = PBXVariantGroup;
			children = (
				7AC27372291E56CC00C40210 /* Base */,
			);
			name = Main.storyboard;
			sourceTree = "<group>";
		};
		7AC27376291E56CC00C40210 /* LaunchScreen.storyboard */ = {
			isa = PBXVariantGroup;
			children = (
				7AC27377291E56CC00C40210 /* Base */,
			);
			name = LaunchScreen.storyboard;
			sourceTree = "<group>";
		};
/* End PBXVariantGroup section */

/* Begin XCBuildConfiguration section */
		7AC2737A291E56CC00C40210 /* Debug */ = {
			isa = XCBuildConfiguration;
			buildSettings = {
				ALWAYS_SEARCH_USER_PATHS = NO;
				CLANG_ANALYZER_NONNULL = YES;
				CLANG_ANALYZER_NUMBER_OBJECT_CONVERSION = YES_AGGRESSIVE;
				CLANG_CXX_LANGUAGE_STANDARD = "gnu++20";
				CLANG_ENABLE_MODULES = YES;
				CLANG_ENABLE_OBJC_ARC = YES;
				CLANG_ENABLE_OBJC_WEAK = YES;
				CLANG_WARN_BLOCK_CAPTURE_AUTORELEASING = YES;
				CLANG_WARN_BOOL_CONVERSION = YES;
				CLANG_WARN_COMMA = YES;
				CLANG_WARN_CONSTANT_CONVERSION = YES;
				CLANG_WARN_DEPRECATED_OBJC_IMPLEMENTATIONS = YES;
				CLANG_WARN_DIRECT_OBJC_ISA_USAGE = YES_ERROR;
				CLANG_WARN_DOCUMENTATION_COMMENTS = YES;
				CLANG_WARN_EMPTY_BODY = YES;
				CLANG_WARN_ENUM_CONVERSION = YES;
				CLANG_WARN_INFINITE_RECURSION = YES;
				CLANG_WARN_INT_CONVERSION = YES;
				CLANG_WARN_NON_LITERAL_NULL_CONVERSION = YES;
				CLANG_WARN_OBJC_IMPLICIT_RETAIN_SELF = YES;
				CLANG_WARN_OBJC_LITERAL_CONVERSION = YES;
				CLANG_WARN_OBJC_ROOT_CLASS = YES_ERROR;
				CLANG_WARN_QUOTED_INCLUDE_IN_FRAMEWORK_HEADER = YES;
				CLANG_WARN_RANGE_LOOP_ANALYSIS = YES;
				CLANG_WARN_STRICT_PROTOTYPES = YES;
				CLANG_WARN_SUSPICIOUS_MOVE = YES;
				CLANG_WARN_UNGUARDED_AVAILABILITY = YES_AGGRESSIVE;
				CLANG_WARN_UNREACHABLE_CODE = YES;
				CLANG_WARN__DUPLICATE_METHOD_MATCH = YES;
				COPY_PHASE_STRIP = NO;
				DEBUG_INFORMATION_FORMAT = dwarf;
				ENABLE_STRICT_OBJC_MSGSEND = YES;
				ENABLE_TESTABILITY = YES;
				GCC_C_LANGUAGE_STANDARD = gnu11;
				GCC_DYNAMIC_NO_PIC = NO;
				GCC_NO_COMMON_BLOCKS = YES;
				GCC_OPTIMIZATION_LEVEL = 0;
				GCC_PREPROCESSOR_DEFINITIONS = (
					"DEBUG=1",
					"$(inherited)",
				);
				GCC_WARN_64_TO_32_BIT_CONVERSION = YES;
				GCC_WARN_ABOUT_RETURN_TYPE = YES_ERROR;
				GCC_WARN_UNDECLARED_SELECTOR = YES;
				GCC_WARN_UNINITIALIZED_AUTOS = YES_AGGRESSIVE;
				GCC_WARN_UNUSED_FUNCTION = YES;
				GCC_WARN_UNUSED_VARIABLE = YES;
				IPHONEOS_DEPLOYMENT_TARGET = 16.0;
				MTL_ENABLE_DEBUG_INFO = INCLUDE_SOURCE;
				MTL_FAST_MATH = YES;
				ONLY_ACTIVE_ARCH = YES;
				SDKROOT = iphoneos;
				SWIFT_ACTIVE_COMPILATION_CONDITIONS = DEBUG;
				SWIFT_OPTIMIZATION_LEVEL = "-Onone";
			};
			name = Debug;
		};
		7AC2737B291E56CC00C40210 /* Release */ = {
			isa = XCBuildConfiguration;
			buildSettings = {
				ALWAYS_SEARCH_USER_PATHS = NO;
				CLANG_ANALYZER_NONNULL = YES;
				CLANG_ANALYZER_NUMBER_OBJECT_CONVERSION = YES_AGGRESSIVE;
				CLANG_CXX_LANGUAGE_STANDARD = "gnu++20";
				CLANG_ENABLE_MODULES = YES;
				CLANG_ENABLE_OBJC_ARC = YES;
				CLANG_ENABLE_OBJC_WEAK = YES;
				CLANG_WARN_BLOCK_CAPTURE_AUTORELEASING = YES;
				CLANG_WARN_BOOL_CONVERSION = YES;
				CLANG_WARN_COMMA = YES;
				CLANG_WARN_CONSTANT_CONVERSION = YES;
				CLANG_WARN_DEPRECATED_OBJC_IMPLEMENTATIONS = YES;
				CLANG_WARN_DIRECT_OBJC_ISA_USAGE = YES_ERROR;
				CLANG_WARN_DOCUMENTATION_COMMENTS = YES;
				CLANG_WARN_EMPTY_BODY = YES;
				CLANG_WARN_ENUM_CONVERSION = YES;
				CLANG_WARN_INFINITE_RECURSION = YES;
				CLANG_WARN_INT_CONVERSION = YES;
				CLANG_WARN_NON_LITERAL_NULL_CONVERSION = YES;
				CLANG_WARN_OBJC_IMPLICIT_RETAIN_SELF = YES;
				CLANG_WARN_OBJC_LITERAL_CONVERSION = YES;
				CLANG_WARN_OBJC_ROOT_CLASS = YES_ERROR;
				CLANG_WARN_QUOTED_INCLUDE_IN_FRAMEWORK_HEADER = YES;
				CLANG_WARN_RANGE_LOOP_ANALYSIS = YES;
				CLANG_WARN_STRICT_PROTOTYPES = YES;
				CLANG_WARN_SUSPICIOUS_MOVE = YES;
				CLANG_WARN_UNGUARDED_AVAILABILITY = YES_AGGRESSIVE;
				CLANG_WARN_UNREACHABLE_CODE = YES;
				CLANG_WARN__DUPLICATE_METHOD_MATCH = YES;
				COPY_PHASE_STRIP = NO;
				DEBUG_INFORMATION_FORMAT = "dwarf-with-dsym";
				ENABLE_NS_ASSERTIONS = NO;
				ENABLE_STRICT_OBJC_MSGSEND = YES;
				GCC_C_LANGUAGE_STANDARD = gnu11;
				GCC_NO_COMMON_BLOCKS = YES;
				GCC_WARN_64_TO_32_BIT_CONVERSION = YES;
				GCC_WARN_ABOUT_RETURN_TYPE = YES_ERROR;
				GCC_WARN_UNDECLARED_SELECTOR = YES;
				GCC_WARN_UNINITIALIZED_AUTOS = YES_AGGRESSIVE;
				GCC_WARN_UNUSED_FUNCTION = YES;
				GCC_WARN_UNUSED_VARIABLE = YES;
				IPHONEOS_DEPLOYMENT_TARGET = 16.0;
				MTL_ENABLE_DEBUG_INFO = NO;
				MTL_FAST_MATH = YES;
				SDKROOT = iphoneos;
				SWIFT_COMPILATION_MODE = wholemodule;
				SWIFT_OPTIMIZATION_LEVEL = "-O";
				VALIDATE_PRODUCT = YES;
			};
			name = Release;
		};
		7AC2737D291E56CC00C40210 /* Debug */ = {
			isa = XCBuildConfiguration;
			buildSettings = {
				ASSETCATALOG_COMPILER_APPICON_NAME = AppIcon;
				ASSETCATALOG_COMPILER_GLOBAL_ACCENT_COLOR_NAME = AccentColor;
				CODE_SIGN_STYLE = Automatic;
				CURRENT_PROJECT_VERSION = 1;
				GENERATE_INFOPLIST_FILE = YES;
				INFOPLIST_FILE = "MilestoneProjects13-15/Info.plist";
				INFOPLIST_KEY_UIApplicationSupportsIndirectInputEvents = YES;
				INFOPLIST_KEY_UILaunchStoryboardName = LaunchScreen;
				INFOPLIST_KEY_UIMainStoryboardFile = Main;
				INFOPLIST_KEY_UISupportedInterfaceOrientations_iPad = "UIInterfaceOrientationPortrait UIInterfaceOrientationPortraitUpsideDown UIInterfaceOrientationLandscapeLeft UIInterfaceOrientationLandscapeRight";
				INFOPLIST_KEY_UISupportedInterfaceOrientations_iPhone = "UIInterfaceOrientationPortrait UIInterfaceOrientationLandscapeLeft UIInterfaceOrientationLandscapeRight";
				LD_RUNPATH_SEARCH_PATHS = (
					"$(inherited)",
					"@executable_path/Frameworks",
				);
				MARKETING_VERSION = 1.0;
				PRODUCT_BUNDLE_IDENTIFIER = "dev.ionixjunior.MilestoneProjects13-15";
				PRODUCT_NAME = "$(TARGET_NAME)";
				SWIFT_EMIT_LOC_STRINGS = YES;
				SWIFT_VERSION = 5.0;
				TARGETED_DEVICE_FAMILY = "1,2";
			};
			name = Debug;
		};
		7AC2737E291E56CC00C40210 /* Release */ = {
			isa = XCBuildConfiguration;
			buildSettings = {
				ASSETCATALOG_COMPILER_APPICON_NAME = AppIcon;
				ASSETCATALOG_COMPILER_GLOBAL_ACCENT_COLOR_NAME = AccentColor;
				CODE_SIGN_STYLE = Automatic;
				CURRENT_PROJECT_VERSION = 1;
				GENERATE_INFOPLIST_FILE = YES;
				INFOPLIST_FILE = "MilestoneProjects13-15/Info.plist";
				INFOPLIST_KEY_UIApplicationSupportsIndirectInputEvents = YES;
				INFOPLIST_KEY_UILaunchStoryboardName = LaunchScreen;
				INFOPLIST_KEY_UIMainStoryboardFile = Main;
				INFOPLIST_KEY_UISupportedInterfaceOrientations_iPad = "UIInterfaceOrientationPortrait UIInterfaceOrientationPortraitUpsideDown UIInterfaceOrientationLandscapeLeft UIInterfaceOrientationLandscapeRight";
				INFOPLIST_KEY_UISupportedInterfaceOrientations_iPhone = "UIInterfaceOrientationPortrait UIInterfaceOrientationLandscapeLeft UIInterfaceOrientationLandscapeRight";
				LD_RUNPATH_SEARCH_PATHS = (
					"$(inherited)",
					"@executable_path/Frameworks",
				);
				MARKETING_VERSION = 1.0;
				PRODUCT_BUNDLE_IDENTIFIER = "dev.ionixjunior.MilestoneProjects13-15";
				PRODUCT_NAME = "$(TARGET_NAME)";
				SWIFT_EMIT_LOC_STRINGS = YES;
				SWIFT_VERSION = 5.0;
				TARGETED_DEVICE_FAMILY = "1,2";
			};
			name = Release;
		};
/* End XCBuildConfiguration section */

/* Begin XCConfigurationList section */
		7AC27363291E56CC00C40210 /* Build configuration list for PBXProject "MilestoneProjects13-15" */ = {
			isa = XCConfigurationList;
			buildConfigurations = (
				7AC2737A291E56CC00C40210 /* Debug */,
				7AC2737B291E56CC00C40210 /* Release */,
			);
			defaultConfigurationIsVisible = 0;
			defaultConfigurationName = Release;
		};
		7AC2737C291E56CC00C40210 /* Build configuration list for PBXNativeTarget "MilestoneProjects13-15" */ = {
			isa = XCConfigurationList;
			buildConfigurations = (
				7AC2737D291E56CC00C40210 /* Debug */,
				7AC2737E291E56CC00C40210 /* Release */,
			);
			defaultConfigurationIsVisible = 0;
			defaultConfigurationName = Release;
		};
/* End XCConfigurationList section */
	};
	rootObject = 7AC27360291E56CC00C40210 /* Project object */;
}
